// !$*UTF8*$!
{
	archiveVersion = 1;
	classes = {
	};
	objectVersion = 55;
	objects = {

/* Begin PBXBuildFile section */
		B56759A22A7D16F20004E5DD /* ListProtocol.swift in Sources */ = {isa = PBXBuildFile; fileRef = B56759A12A7D16F20004E5DD /* ListProtocol.swift */; };
/* End PBXBuildFile section */

/* Begin PBXCopyFilesBuildPhase section */
		B51FDFD628214EC000ED0429 /* CopyFiles */ = {
			isa = PBXCopyFilesBuildPhase;
			buildActionMask = 2147483647;
			dstPath = /usr/share/man/man1/;
			dstSubfolderSpec = 0;
			files = (
			);
			runOnlyForDeploymentPostprocessing = 1;
		};
/* End PBXCopyFilesBuildPhase section */

/* Begin PBXFileReference section */
		B51FDFD828214EC000ED0429 /* algo */ = {isa = PBXFileReference; explicitFileType = "compiled.mach-o.executable"; includeInIndex = 0; path = algo; sourceTree = BUILT_PRODUCTS_DIR; };
		B56759752A78D4990004E5DD /* stack.swift */ = {isa = PBXFileReference; lastKnownFileType = sourcecode.swift; name = stack.swift; path = "algo/자료구조/Stack/stack.swift"; sourceTree = SOURCE_ROOT; };
		B56759772A7955CF0004E5DD /* LinkedList.swift */ = {isa = PBXFileReference; lastKnownFileType = sourcecode.swift; name = LinkedList.swift; path = "algo/자료구조/List/LinkedList.swift"; sourceTree = SOURCE_ROOT; };
		B56759792A7ABB0D0004E5DD /* stack-linkedlist.swift */ = {isa = PBXFileReference; lastKnownFileType = sourcecode.swift; name = "stack-linkedlist.swift"; path = "algo/자료구조/Stack/stack-linkedlist.swift"; sourceTree = SOURCE_ROOT; };
		B56759972A7CD2BC0004E5DD /* Circular Queue.swift */ = {isa = PBXFileReference; lastKnownFileType = sourcecode.swift; name = "Circular Queue.swift"; path = "algo/자료구조/Queue/Circular Queue.swift"; sourceTree = SOURCE_ROOT; };
		B56759992A7CE7A20004E5DD /* Queue-LinkedList.swift */ = {isa = PBXFileReference; lastKnownFileType = sourcecode.swift; name = "Queue-LinkedList.swift"; path = "algo/자료구조/Queue/Queue-LinkedList.swift"; sourceTree = SOURCE_ROOT; };
		B56759A12A7D16F20004E5DD /* ListProtocol.swift */ = {isa = PBXFileReference; lastKnownFileType = sourcecode.swift; name = ListProtocol.swift; path = "algo/자료구조/List/ListProtocol.swift"; sourceTree = SOURCE_ROOT; };
		B56759A42A7E3A160004E5DD /* Node.swift */ = {isa = PBXFileReference; lastKnownFileType = sourcecode.swift; name = Node.swift; path = "algo/자료구조/List/Node.swift"; sourceTree = SOURCE_ROOT; };
		B56759A62A7E3A440004E5DD /* DLinkedList.swift */ = {isa = PBXFileReference; lastKnownFileType = sourcecode.swift; name = DLinkedList.swift; path = "algo/자료구조/List/DLinkedList.swift"; sourceTree = SOURCE_ROOT; };
		B56759A82A7E4BBD0004E5DD /* CircularLinkedList.swift */ = {isa = PBXFileReference; lastKnownFileType = sourcecode.swift; name = CircularLinkedList.swift; path = "algo/자료구조/List/CircularLinkedList.swift"; sourceTree = SOURCE_ROOT; };
		B56759AA2A8147740004E5DD /* 1021_회전하는큐.swift */ = {isa = PBXFileReference; lastKnownFileType = sourcecode.swift; name = "1021_회전하는큐.swift"; path = "algo/자료구조/List/1021_회전하는큐.swift"; sourceTree = SOURCE_ROOT; };
		B56759AC2A8286580004E5DD /* 10845_큐.swift */ = {isa = PBXFileReference; lastKnownFileType = sourcecode.swift; name = "10845_큐.swift"; path = "algo/자료구조/Queue/10845_큐.swift"; sourceTree = SOURCE_ROOT; };
		B56759AE2A8298B30004E5DD /* 10828_스택.swift */ = {isa = PBXFileReference; lastKnownFileType = sourcecode.swift; name = "10828_스택.swift"; path = "algo/자료구조/Stack/10828_스택.swift"; sourceTree = SOURCE_ROOT; };
		B56759D02A8622190004E5DD /* BinarySearchTree.swift */ = {isa = PBXFileReference; lastKnownFileType = sourcecode.swift; name = BinarySearchTree.swift; path = "algo/자료구조/BST/BinarySearchTree.swift"; sourceTree = SOURCE_ROOT; };
		B56759D22A8DFDE50004E5DD /* Heap.swift */ = {isa = PBXFileReference; lastKnownFileType = sourcecode.swift; name = Heap.swift; path = "algo/자료구조/Queue/Heap.swift"; sourceTree = SOURCE_ROOT; };
		B56759D52A8E5CAC0004E5DD /* BST-Recur.swift */ = {isa = PBXFileReference; lastKnownFileType = sourcecode.swift; name = "BST-Recur.swift"; path = "algo/자료구조/BST/BST-Recur.swift"; sourceTree = SOURCE_ROOT; };
		B58B967E2A2FC3EB00E1B75D /* 아기상어(-ing).swift */ = {isa = PBXFileReference; lastKnownFileType = sourcecode.swift; name = "아기상어(-ing).swift"; path = "algo/DFS_BFS/아기상어(-ing).swift"; sourceTree = SOURCE_ROOT; };
		B598BDF029D5C7AC00FDEF04 /* 부품찾기.swift */ = {isa = PBXFileReference; fileEncoding = 4; lastKnownFileType = sourcecode.swift; path = "부품찾기.swift"; sourceTree = "<group>"; };
		B598BDF129D5C7AC00FDEF04 /* 정렬된 배열에서 특정 수의 개수 구하기.swift */ = {isa = PBXFileReference; fileEncoding = 4; lastKnownFileType = sourcecode.swift; path = "정렬된 배열에서 특정 수의 개수 구하기.swift"; sourceTree = "<group>"; };
		B598BDF229D5C7AC00FDEF04 /* 고정점 찾기.swift */ = {isa = PBXFileReference; fileEncoding = 4; lastKnownFileType = sourcecode.swift; path = "고정점 찾기.swift"; sourceTree = "<group>"; };
		B598BDF329D5C7AC00FDEF04 /* 떡볶이 떡 만들기.swift */ = {isa = PBXFileReference; fileEncoding = 4; lastKnownFileType = sourcecode.swift; path = "떡볶이 떡 만들기.swift"; sourceTree = "<group>"; };
		B598BDF429D5C7AC00FDEF04 /* 공유기 설치.swift */ = {isa = PBXFileReference; fileEncoding = 4; lastKnownFileType = sourcecode.swift; path = "공유기 설치.swift"; sourceTree = "<group>"; };
		B598BDF529D5C7AC00FDEF04 /* 가사검색.swift */ = {isa = PBXFileReference; fileEncoding = 4; lastKnownFileType = sourcecode.swift; path = "가사검색.swift"; sourceTree = "<group>"; };
		B598BDF729D5C7AC00FDEF04 /* BST.swift */ = {isa = PBXFileReference; fileEncoding = 4; lastKnownFileType = sourcecode.swift; path = BST.swift; sourceTree = "<group>"; };
		B598BDF829D5C7AC00FDEF04 /* Queue.swift */ = {isa = PBXFileReference; fileEncoding = 4; lastKnownFileType = sourcecode.swift; path = Queue.swift; sourceTree = "<group>"; };
		B598BDF929D5C7AC00FDEF04 /* Heap(PriorityQueue).swift */ = {isa = PBXFileReference; fileEncoding = 4; lastKnownFileType = sourcecode.swift; path = "Heap(PriorityQueue).swift"; sourceTree = "<group>"; };
		B598BDFB29D5C7AC00FDEF04 /* 바닥공사.swift */ = {isa = PBXFileReference; fileEncoding = 4; lastKnownFileType = sourcecode.swift; path = "바닥공사.swift"; sourceTree = "<group>"; };
		B598BDFC29D5C7AC00FDEF04 /* 개미 전사.swift */ = {isa = PBXFileReference; fileEncoding = 4; lastKnownFileType = sourcecode.swift; path = "개미 전사.swift"; sourceTree = "<group>"; };
		B598BDFD29D5C7AC00FDEF04 /* 효율적인 화폐 구성.swift */ = {isa = PBXFileReference; fileEncoding = 4; lastKnownFileType = sourcecode.swift; path = "효율적인 화폐 구성.swift"; sourceTree = "<group>"; };
		B598BDFE29D5C7AC00FDEF04 /* 1로 만들기.swift */ = {isa = PBXFileReference; fileEncoding = 4; lastKnownFileType = sourcecode.swift; path = "1로 만들기.swift"; sourceTree = "<group>"; };
		B598BE0029D5C7AC00FDEF04 /* 왕실의 나이트.swift */ = {isa = PBXFileReference; fileEncoding = 4; lastKnownFileType = sourcecode.swift; path = "왕실의 나이트.swift"; sourceTree = "<group>"; };
		B598BE0129D5C7AC00FDEF04 /* 문자열 압축.swift */ = {isa = PBXFileReference; fileEncoding = 4; lastKnownFileType = sourcecode.swift; path = "문자열 압축.swift"; sourceTree = "<group>"; };
		B598BE0229D5C7AC00FDEF04 /* 문자열 재정렬.swift */ = {isa = PBXFileReference; fileEncoding = 4; lastKnownFileType = sourcecode.swift; path = "문자열 재정렬.swift"; sourceTree = "<group>"; };
		B598BE0329D5C7AC00FDEF04 /* 게임 개발.swift */ = {isa = PBXFileReference; fileEncoding = 4; lastKnownFileType = sourcecode.swift; path = "게임 개발.swift"; sourceTree = "<group>"; };
		B598BE0429D5C7AC00FDEF04 /* 기둥과보-test.swift */ = {isa = PBXFileReference; fileEncoding = 4; lastKnownFileType = sourcecode.swift; path = "기둥과보-test.swift"; sourceTree = "<group>"; };
		B598BE0529D5C7AC00FDEF04 /* 럭키 스트레이트.swift */ = {isa = PBXFileReference; fileEncoding = 4; lastKnownFileType = sourcecode.swift; path = "럭키 스트레이트.swift"; sourceTree = "<group>"; };
		B598BE0629D5C7AC00FDEF04 /* 자물쇠와 열쇠.swift */ = {isa = PBXFileReference; fileEncoding = 4; lastKnownFileType = sourcecode.swift; path = "자물쇠와 열쇠.swift"; sourceTree = "<group>"; };
		B598BE0729D5C7AC00FDEF04 /* 기둥과보.swift */ = {isa = PBXFileReference; fileEncoding = 4; lastKnownFileType = sourcecode.swift; path = "기둥과보.swift"; sourceTree = "<group>"; };
		B598BE0829D5C7AC00FDEF04 /* 외벽점검.swift */ = {isa = PBXFileReference; fileEncoding = 4; lastKnownFileType = sourcecode.swift; path = "외벽점검.swift"; sourceTree = "<group>"; };
		B598BE0929D5C7AC00FDEF04 /* 뱀.swift */ = {isa = PBXFileReference; fileEncoding = 4; lastKnownFileType = sourcecode.swift; path = "뱀.swift"; sourceTree = "<group>"; };
		B598BE0A29D5C7AC00FDEF04 /* 치킨배달.swift */ = {isa = PBXFileReference; fileEncoding = 4; lastKnownFileType = sourcecode.swift; path = "치킨배달.swift"; sourceTree = "<group>"; };
		B598BE0D29D5C7AC00FDEF04 /* 경로의개수.swift */ = {isa = PBXFileReference; fileEncoding = 4; lastKnownFileType = sourcecode.swift; path = "경로의개수.swift"; sourceTree = "<group>"; };
		B598BE0E29D5C7AC00FDEF04 /* 동명이인.swift */ = {isa = PBXFileReference; fileEncoding = 4; lastKnownFileType = sourcecode.swift; path = "동명이인.swift"; sourceTree = "<group>"; };
		B598BE0F29D5C7AC00FDEF04 /* 구름소수찾기.swift */ = {isa = PBXFileReference; fileEncoding = 4; lastKnownFileType = sourcecode.swift; path = "구름소수찾기.swift"; sourceTree = "<group>"; };
		B598BE1029D5C7AC00FDEF04 /* 최장 맨해튼 거리.swift */ = {isa = PBXFileReference; fileEncoding = 4; lastKnownFileType = sourcecode.swift; path = "최장 맨해튼 거리.swift"; sourceTree = "<group>"; };
		B598BE1329D5C7AC00FDEF04 /* 2941_크로아티아 알파벳.swift */ = {isa = PBXFileReference; fileEncoding = 4; lastKnownFileType = sourcecode.swift; name = "2941_크로아티아 알파벳.swift"; path = "/Users/minjae/Documents/문서 - minjae mac/algo-swift/algorithm-swift/algo/구현/2941_크로아티아 알파벳.swift"; sourceTree = "<absolute>"; };
		B598BE1429D5C7AC00FDEF04 /* 14891_톱니바퀴.swift */ = {isa = PBXFileReference; fileEncoding = 4; lastKnownFileType = sourcecode.swift; name = "14891_톱니바퀴.swift"; path = "/Users/minjae/Documents/문서 - minjae mac/algo-swift/algorithm-swift/algo/구현/14891_톱니바퀴.swift"; sourceTree = "<absolute>"; };
		B598BE1529D5C7AC00FDEF04 /* 18312_시각.swift */ = {isa = PBXFileReference; fileEncoding = 4; lastKnownFileType = sourcecode.swift; name = "18312_시각.swift"; path = "/Users/minjae/Documents/문서 - minjae mac/algo-swift/algorithm-swift/algo/구현/18312_시각.swift"; sourceTree = "<absolute>"; };
		B598BE1729D5C7AC00FDEF04 /* 1769_3의배수.swift */ = {isa = PBXFileReference; fileEncoding = 4; lastKnownFileType = sourcecode.swift; name = "1769_3의배수.swift"; path = "/Users/minjae/Documents/문서 - minjae mac/algo-swift/algorithm-swift/algo/구현/1769_3의배수.swift"; sourceTree = "<absolute>"; };
		B598BE1A29D5C7AC00FDEF04 /* 4949_균형잡힌세상.swift */ = {isa = PBXFileReference; fileEncoding = 4; lastKnownFileType = sourcecode.swift; name = "4949_균형잡힌세상.swift"; path = "/Users/minjae/Documents/문서 - minjae mac/algo-swift/algorithm-swift/algo/4949_균형잡힌세상.swift"; sourceTree = "<absolute>"; };
		B598BE1C29D5C7AC00FDEF04 /* 5585_거스름돈.swift */ = {isa = PBXFileReference; fileEncoding = 4; lastKnownFileType = sourcecode.swift; name = "5585_거스름돈.swift"; path = "/Users/minjae/Documents/문서 - minjae mac/algo-swift/algorithm-swift/algo/5585_거스름돈.swift"; sourceTree = "<absolute>"; };
		B598BE1D29D5C7AC00FDEF04 /* 2839_설탕 배달.swift */ = {isa = PBXFileReference; fileEncoding = 4; lastKnownFileType = sourcecode.swift; name = "2839_설탕 배달.swift"; path = "/Users/minjae/Documents/문서 - minjae mac/algo-swift/algorithm-swift/algo/2839_설탕 배달.swift"; sourceTree = "<absolute>"; };
		B598BE1E29D5C7AC00FDEF04 /* 1543_문서 검색.swift */ = {isa = PBXFileReference; fileEncoding = 4; lastKnownFileType = sourcecode.swift; name = "1543_문서 검색.swift"; path = "/Users/minjae/Documents/문서 - minjae mac/algo-swift/algorithm-swift/algo/1543_문서 검색.swift"; sourceTree = "<absolute>"; };
		B598BE1F29D5C7AC00FDEF04 /* 1026_보물.swift */ = {isa = PBXFileReference; fileEncoding = 4; lastKnownFileType = sourcecode.swift; name = "1026_보물.swift"; path = "/Users/minjae/Documents/문서 - minjae mac/algo-swift/algorithm-swift/algo/1026_보물.swift"; sourceTree = "<absolute>"; };
		B598BE2029D5C7AC00FDEF04 /* 11047_동전0.swift */ = {isa = PBXFileReference; fileEncoding = 4; lastKnownFileType = sourcecode.swift; name = "11047_동전0.swift"; path = "/Users/minjae/Documents/문서 - minjae mac/algo-swift/algorithm-swift/algo/11047_동전0.swift"; sourceTree = "<absolute>"; };
		B598BE2129D5C7AC00FDEF04 /* 회의실 배정.swift */ = {isa = PBXFileReference; fileEncoding = 4; lastKnownFileType = sourcecode.swift; name = "회의실 배정.swift"; path = "/Users/minjae/Documents/문서 - minjae mac/algo-swift/algorithm-swift/algo/회의실 배정.swift"; sourceTree = "<absolute>"; };
		B598BE2229D5C7AC00FDEF04 /* 2217_로프.swift */ = {isa = PBXFileReference; fileEncoding = 4; lastKnownFileType = sourcecode.swift; name = "2217_로프.swift"; path = "/Users/minjae/Documents/문서 - minjae mac/algo-swift/algorithm-swift/algo/2217_로프.swift"; sourceTree = "<absolute>"; };
		B598BE2329D5C7AC00FDEF04 /* 로프.swift */ = {isa = PBXFileReference; fileEncoding = 4; lastKnownFileType = sourcecode.swift; name = "로프.swift"; path = "/Users/minjae/Documents/문서 - minjae mac/algo-swift/algorithm-swift/algo/로프.swift"; sourceTree = "<absolute>"; };
		B598BE2429D5C7AC00FDEF04 /* 1931_회의실배정.swift */ = {isa = PBXFileReference; fileEncoding = 4; lastKnownFileType = sourcecode.swift; name = "1931_회의실배정.swift"; path = "/Users/minjae/Documents/문서 - minjae mac/algo-swift/algorithm-swift/algo/1931_회의실배정.swift"; sourceTree = "<absolute>"; };
		B598BE2629D5C7AC00FDEF04 /* 보물.swift */ = {isa = PBXFileReference; fileEncoding = 4; lastKnownFileType = sourcecode.swift; name = "보물.swift"; path = "/Users/minjae/Documents/문서 - minjae mac/algo-swift/algorithm-swift/algo/보물.swift"; sourceTree = "<absolute>"; };
		B598BE2729D5C7AC00FDEF04 /* 1789_수들의 합.swift */ = {isa = PBXFileReference; fileEncoding = 4; lastKnownFileType = sourcecode.swift; name = "1789_수들의 합.swift"; path = "/Users/minjae/Documents/문서 - minjae mac/algo-swift/algorithm-swift/algo/1789_수들의 합.swift"; sourceTree = "<absolute>"; };
		B598BE2929D5C7AC00FDEF04 /* Queue-TwoArray.swift */ = {isa = PBXFileReference; fileEncoding = 4; lastKnownFileType = sourcecode.swift; name = "Queue-TwoArray.swift"; path = "/Users/minjae/Documents/문서 - minjae mac/algo-swift/algorithm-swift/algo/자료구조/Queue-TwoArray.swift"; sourceTree = "<absolute>"; };
		B598BE3E29D5C7AC00FDEF04 /* 디스크컨트롤러.swift */ = {isa = PBXFileReference; fileEncoding = 4; lastKnownFileType = sourcecode.swift; path = "디스크컨트롤러.swift"; sourceTree = "<group>"; };
		B598BE4029D5C7AC00FDEF04 /* JadenCase 문자열 만들기.swift */ = {isa = PBXFileReference; fileEncoding = 4; lastKnownFileType = sourcecode.swift; path = "JadenCase 문자열 만들기.swift"; sourceTree = "<group>"; };
		B598BE4129D5C7AC00FDEF04 /* 조이스틱.swift */ = {isa = PBXFileReference; fileEncoding = 4; lastKnownFileType = sourcecode.swift; path = "조이스틱.swift"; sourceTree = "<group>"; };
		B598BE4229D5C7AC00FDEF04 /* 양궁대회.swift */ = {isa = PBXFileReference; fileEncoding = 4; lastKnownFileType = sourcecode.swift; path = "양궁대회.swift"; sourceTree = "<group>"; };
		B598BE4329D5C7AC00FDEF04 /* 짝지어 제거하기.swift */ = {isa = PBXFileReference; fileEncoding = 4; lastKnownFileType = sourcecode.swift; path = "짝지어 제거하기.swift"; sourceTree = "<group>"; };
		B598BE4429D5C7AC00FDEF04 /* N개의 최소공배수.swift */ = {isa = PBXFileReference; fileEncoding = 4; lastKnownFileType = sourcecode.swift; path = "N개의 최소공배수.swift"; sourceTree = "<group>"; };
		B598BE4529D5C7AC00FDEF04 /* N-Queen.swift */ = {isa = PBXFileReference; fileEncoding = 4; lastKnownFileType = sourcecode.swift; path = "N-Queen.swift"; sourceTree = "<group>"; };
		B598BE4629D5C7AC00FDEF04 /* 소수찾기.swift */ = {isa = PBXFileReference; fileEncoding = 4; lastKnownFileType = sourcecode.swift; path = "소수찾기.swift"; sourceTree = "<group>"; };
		B598BE4729D5C7AC00FDEF04 /* 게임맵최단거리-py.swift */ = {isa = PBXFileReference; fileEncoding = 4; lastKnownFileType = sourcecode.swift; path = "게임맵최단거리-py.swift"; sourceTree = "<group>"; };
		B598BE4829D5C7AC00FDEF04 /* 큰수만들기.swift */ = {isa = PBXFileReference; fileEncoding = 4; lastKnownFileType = sourcecode.swift; path = "큰수만들기.swift"; sourceTree = "<group>"; };
		B598BE4929D5C7AC00FDEF04 /* 정수 삼각형-py.swift */ = {isa = PBXFileReference; fileEncoding = 4; lastKnownFileType = sourcecode.swift; path = "정수 삼각형-py.swift"; sourceTree = "<group>"; };
		B598BE4A29D5C7AC00FDEF04 /* 행렬의 곱셈.swift */ = {isa = PBXFileReference; fileEncoding = 4; lastKnownFileType = sourcecode.swift; path = "행렬의 곱셈.swift"; sourceTree = "<group>"; };
		B598BE4C29D5C7AC00FDEF04 /* 숫자 문자열과 영단어.swift */ = {isa = PBXFileReference; fileEncoding = 4; lastKnownFileType = sourcecode.swift; path = "숫자 문자열과 영단어.swift"; sourceTree = "<group>"; };
		B598BE4D29D5C7AC00FDEF04 /* 자연수 뒤집어 배열로 만들기.swift */ = {isa = PBXFileReference; fileEncoding = 4; lastKnownFileType = sourcecode.swift; path = "자연수 뒤집어 배열로 만들기.swift"; sourceTree = "<group>"; };
		B598BE4E29D5C7AC00FDEF04 /* 크레인 인형뽑기.swift */ = {isa = PBXFileReference; fileEncoding = 4; lastKnownFileType = sourcecode.swift; path = "크레인 인형뽑기.swift"; sourceTree = "<group>"; };
		B598BE4F29D5C7AC00FDEF04 /* 문자열 내 p와 y의 개수.swift */ = {isa = PBXFileReference; fileEncoding = 4; lastKnownFileType = sourcecode.swift; path = "문자열 내 p와 y의 개수.swift"; sourceTree = "<group>"; };
		B598BE5029D5C7AC00FDEF04 /* 약수의합.swift */ = {isa = PBXFileReference; fileEncoding = 4; lastKnownFileType = sourcecode.swift; path = "약수의합.swift"; sourceTree = "<group>"; };
		B598BE5129D5C7AC00FDEF04 /* 신고결과받기.swift */ = {isa = PBXFileReference; fileEncoding = 4; lastKnownFileType = sourcecode.swift; path = "신고결과받기.swift"; sourceTree = "<group>"; };
		B598BE5229D5C7AC00FDEF04 /* K번째수.swift */ = {isa = PBXFileReference; fileEncoding = 4; lastKnownFileType = sourcecode.swift; path = "K번째수.swift"; sourceTree = "<group>"; };
		B598BE5329D5C7AC00FDEF04 /* 가운데글자 가져오기.swift */ = {isa = PBXFileReference; fileEncoding = 4; lastKnownFileType = sourcecode.swift; path = "가운데글자 가져오기.swift"; sourceTree = "<group>"; };
		B598BE5429D5C7AC00FDEF04 /* 수박수박수박수.swift */ = {isa = PBXFileReference; fileEncoding = 4; lastKnownFileType = sourcecode.swift; path = "수박수박수박수.swift"; sourceTree = "<group>"; };
		B598BE5529D5C7AC00FDEF04 /* 서울에서 김서방 찾기.swift */ = {isa = PBXFileReference; fileEncoding = 4; lastKnownFileType = sourcecode.swift; path = "서울에서 김서방 찾기.swift"; sourceTree = "<group>"; };
		B598BE5629D5C7AC00FDEF04 /* 음양더하기.swift */ = {isa = PBXFileReference; fileEncoding = 4; lastKnownFileType = sourcecode.swift; path = "음양더하기.swift"; sourceTree = "<group>"; };
		B598BE5729D5C7AC00FDEF04 /* 두개뽑아서 더하기.swift */ = {isa = PBXFileReference; fileEncoding = 4; lastKnownFileType = sourcecode.swift; path = "두개뽑아서 더하기.swift"; sourceTree = "<group>"; };
		B598BE5829D5C7AC00FDEF04 /* 소수 찾기.swift */ = {isa = PBXFileReference; fileEncoding = 4; lastKnownFileType = sourcecode.swift; path = "소수 찾기.swift"; sourceTree = "<group>"; };
		B598BE5929D5C7AC00FDEF04 /* 키패드 누르기.swift */ = {isa = PBXFileReference; fileEncoding = 4; lastKnownFileType = sourcecode.swift; path = "키패드 누르기.swift"; sourceTree = "<group>"; };
		B598BE5A29D5C7AC00FDEF04 /* 이상한 문자 만들기.swift */ = {isa = PBXFileReference; fileEncoding = 4; lastKnownFileType = sourcecode.swift; path = "이상한 문자 만들기.swift"; sourceTree = "<group>"; };
		B598BE5B29D5C7AC00FDEF04 /* 부족한 금액 계산하기.swift */ = {isa = PBXFileReference; fileEncoding = 4; lastKnownFileType = sourcecode.swift; path = "부족한 금액 계산하기.swift"; sourceTree = "<group>"; };
		B598BE5C29D5C7AC00FDEF04 /* 콜라츠 추측.swift */ = {isa = PBXFileReference; fileEncoding = 4; lastKnownFileType = sourcecode.swift; path = "콜라츠 추측.swift"; sourceTree = "<group>"; };
		B598BE5D29D5C7AC00FDEF04 /* 제일 작은 수 제거하기.swift */ = {isa = PBXFileReference; fileEncoding = 4; lastKnownFileType = sourcecode.swift; path = "제일 작은 수 제거하기.swift"; sourceTree = "<group>"; };
		B598BE5E29D5C7AC00FDEF04 /* 자릿수 더하기.swift */ = {isa = PBXFileReference; fileEncoding = 4; lastKnownFileType = sourcecode.swift; path = "자릿수 더하기.swift"; sourceTree = "<group>"; };
		B598BE5F29D5C7AC00FDEF04 /* 정수 내림차순으로 배치하기.swift */ = {isa = PBXFileReference; fileEncoding = 4; lastKnownFileType = sourcecode.swift; path = "정수 내림차순으로 배치하기.swift"; sourceTree = "<group>"; };
		B598BE6029D5C7AC00FDEF04 /* 체육복.swift */ = {isa = PBXFileReference; fileEncoding = 4; lastKnownFileType = sourcecode.swift; path = "체육복.swift"; sourceTree = "<group>"; };
		B598BE6129D5C7AC00FDEF04 /* 하샤드 수.swift */ = {isa = PBXFileReference; fileEncoding = 4; lastKnownFileType = sourcecode.swift; path = "하샤드 수.swift"; sourceTree = "<group>"; };
		B598BE6229D5C7AC00FDEF04 /* 문자열 내림차순으로 배치하기.swift */ = {isa = PBXFileReference; fileEncoding = 4; lastKnownFileType = sourcecode.swift; path = "문자열 내림차순으로 배치하기.swift"; sourceTree = "<group>"; };
		B598BE6329D5C7AC00FDEF04 /* 3진법 뒤집기.swift */ = {isa = PBXFileReference; fileEncoding = 4; lastKnownFileType = sourcecode.swift; path = "3진법 뒤집기.swift"; sourceTree = "<group>"; };
		B598BE6429D5C7AC00FDEF04 /* 완주하지못한선수(Python).swift */ = {isa = PBXFileReference; fileEncoding = 4; lastKnownFileType = sourcecode.swift; path = "완주하지못한선수(Python).swift"; sourceTree = "<group>"; };
		B598BE6529D5C7AC00FDEF04 /* 소수만들기.swift */ = {isa = PBXFileReference; fileEncoding = 4; lastKnownFileType = sourcecode.swift; path = "소수만들기.swift"; sourceTree = "<group>"; };
		B598BE6629D5C7AC00FDEF04 /* 없는숫자 더하기.swift */ = {isa = PBXFileReference; fileEncoding = 4; lastKnownFileType = sourcecode.swift; path = "없는숫자 더하기.swift"; sourceTree = "<group>"; };
		B598BE6729D5C7AC00FDEF04 /* 문자열 다루기 기본.swift */ = {isa = PBXFileReference; fileEncoding = 4; lastKnownFileType = sourcecode.swift; path = "문자열 다루기 기본.swift"; sourceTree = "<group>"; };
		B598BE6829D5C7AC00FDEF04 /* 로또의 최고순위와 최저순위.swift */ = {isa = PBXFileReference; fileEncoding = 4; lastKnownFileType = sourcecode.swift; path = "로또의 최고순위와 최저순위.swift"; sourceTree = "<group>"; };
		B598BE6929D5C7AC00FDEF04 /* 짝수와 홀수.swift */ = {isa = PBXFileReference; fileEncoding = 4; lastKnownFileType = sourcecode.swift; path = "짝수와 홀수.swift"; sourceTree = "<group>"; };
		B598BE6A29D5C7AC00FDEF04 /* 시저 암호.swift */ = {isa = PBXFileReference; fileEncoding = 4; lastKnownFileType = sourcecode.swift; path = "시저 암호.swift"; sourceTree = "<group>"; };
		B598BE6B29D5C7AC00FDEF04 /* 성격 유형 검사하기.swift */ = {isa = PBXFileReference; fileEncoding = 4; lastKnownFileType = sourcecode.swift; path = "성격 유형 검사하기.swift"; sourceTree = "<group>"; };
		B598BE6C29D5C7AC00FDEF04 /* 예산.swift */ = {isa = PBXFileReference; fileEncoding = 4; lastKnownFileType = sourcecode.swift; path = "예산.swift"; sourceTree = "<group>"; };
		B598BE6D29D5C7AC00FDEF04 /* 핸드폰 번호 가리기.swift */ = {isa = PBXFileReference; fileEncoding = 4; lastKnownFileType = sourcecode.swift; path = "핸드폰 번호 가리기.swift"; sourceTree = "<group>"; };
		B598BE6E29D5C7AC00FDEF04 /* 최대공약수와 최소공배수.swift */ = {isa = PBXFileReference; fileEncoding = 4; lastKnownFileType = sourcecode.swift; path = "최대공약수와 최소공배수.swift"; sourceTree = "<group>"; };
		B598BE6F29D5C7AC00FDEF04 /* 직사각형 별찍기.swift */ = {isa = PBXFileReference; fileEncoding = 4; lastKnownFileType = sourcecode.swift; path = "직사각형 별찍기.swift"; sourceTree = "<group>"; };
		B598BE7029D5C7AC00FDEF04 /* 신규 아이디 추천.swift */ = {isa = PBXFileReference; fileEncoding = 4; lastKnownFileType = sourcecode.swift; path = "신규 아이디 추천.swift"; sourceTree = "<group>"; };
		B598BE7129D5C7AC00FDEF04 /* 문자열 마음대로 정렬.swift */ = {isa = PBXFileReference; fileEncoding = 4; lastKnownFileType = sourcecode.swift; path = "문자열 마음대로 정렬.swift"; sourceTree = "<group>"; };
		B598BE7229D5C7AC00FDEF04 /* 최소직사각형.swift */ = {isa = PBXFileReference; fileEncoding = 4; lastKnownFileType = sourcecode.swift; path = "최소직사각형.swift"; sourceTree = "<group>"; };
		B598BE7329D5C7AC00FDEF04 /* 정수 제곱근 판별.swift */ = {isa = PBXFileReference; fileEncoding = 4; lastKnownFileType = sourcecode.swift; path = "정수 제곱근 판별.swift"; sourceTree = "<group>"; };
		B598BE7429D5C7AC00FDEF04 /* 실패율.swift */ = {isa = PBXFileReference; fileEncoding = 4; lastKnownFileType = sourcecode.swift; path = "실패율.swift"; sourceTree = "<group>"; };
		B598BE7529D5C7AC00FDEF04 /* 다트 게임.swift */ = {isa = PBXFileReference; fileEncoding = 4; lastKnownFileType = sourcecode.swift; path = "다트 게임.swift"; sourceTree = "<group>"; };
		B598BE7629D5C7AC00FDEF04 /* x만큼 간격이 있는 n개의 숫자.swift */ = {isa = PBXFileReference; fileEncoding = 4; lastKnownFileType = sourcecode.swift; path = "x만큼 간격이 있는 n개의 숫자.swift"; sourceTree = "<group>"; };
		B598BE7729D5C7AC00FDEF04 /* 평균 구하기.swift */ = {isa = PBXFileReference; fileEncoding = 4; lastKnownFileType = sourcecode.swift; path = "평균 구하기.swift"; sourceTree = "<group>"; };
		B598BE7829D5C7AC00FDEF04 /* 문자열을 정수로 바꾸기.swift */ = {isa = PBXFileReference; fileEncoding = 4; lastKnownFileType = sourcecode.swift; path = "문자열을 정수로 바꾸기.swift"; sourceTree = "<group>"; };
		B598BE7929D5C7AC00FDEF04 /* 내적.swift */ = {isa = PBXFileReference; fileEncoding = 4; lastKnownFileType = sourcecode.swift; path = "내적.swift"; sourceTree = "<group>"; };
		B598BE7A29D5C7AC00FDEF04 /* 약수의 개수와 덧셈.swift */ = {isa = PBXFileReference; fileEncoding = 4; lastKnownFileType = sourcecode.swift; path = "약수의 개수와 덧셈.swift"; sourceTree = "<group>"; };
		B598BE7B29D5C7AC00FDEF04 /* 비밀지도.swift */ = {isa = PBXFileReference; fileEncoding = 4; lastKnownFileType = sourcecode.swift; path = "비밀지도.swift"; sourceTree = "<group>"; };
		B598BE7C29D5C7AC00FDEF04 /* 나누어떨어지는 숫자 배열.swift */ = {isa = PBXFileReference; fileEncoding = 4; lastKnownFileType = sourcecode.swift; path = "나누어떨어지는 숫자 배열.swift"; sourceTree = "<group>"; };
		B598BE7D29D5C7AC00FDEF04 /* 모의고사.swift */ = {isa = PBXFileReference; fileEncoding = 4; lastKnownFileType = sourcecode.swift; path = "모의고사.swift"; sourceTree = "<group>"; };
		B598BE7E29D5C7AC00FDEF04 /* 두 정수 사이의 합.swift */ = {isa = PBXFileReference; fileEncoding = 4; lastKnownFileType = sourcecode.swift; path = "두 정수 사이의 합.swift"; sourceTree = "<group>"; };
		B598BE7F29D5C7AC00FDEF04 /* 행렬의 덧셈.swift */ = {isa = PBXFileReference; fileEncoding = 4; lastKnownFileType = sourcecode.swift; path = "행렬의 덧셈.swift"; sourceTree = "<group>"; };
		B598BE8029D5C7AC00FDEF04 /* 나머지가 1이되는 수 찾기.swift */ = {isa = PBXFileReference; fileEncoding = 4; lastKnownFileType = sourcecode.swift; path = "나머지가 1이되는 수 찾기.swift"; sourceTree = "<group>"; };
		B598BE8129D5C7AC00FDEF04 /* 2016년.swift */ = {isa = PBXFileReference; fileEncoding = 4; lastKnownFileType = sourcecode.swift; path = "2016년.swift"; sourceTree = "<group>"; };
		B598BE8429D5C7AC00FDEF04 /* 안테나.swift */ = {isa = PBXFileReference; fileEncoding = 4; lastKnownFileType = sourcecode.swift; path = "안테나.swift"; sourceTree = "<group>"; };
		B598BE8529D5C7AC00FDEF04 /* 카드 정렬하기.swift */ = {isa = PBXFileReference; fileEncoding = 4; lastKnownFileType = sourcecode.swift; path = "카드 정렬하기.swift"; sourceTree = "<group>"; };
		B598BE8629D5C7AC00FDEF04 /* 두 배열의 원소 교체.swift */ = {isa = PBXFileReference; fileEncoding = 4; lastKnownFileType = sourcecode.swift; path = "두 배열의 원소 교체.swift"; sourceTree = "<group>"; };
		B598BE8729D5C7AC00FDEF04 /* 위에서 아래로.swift */ = {isa = PBXFileReference; fileEncoding = 4; lastKnownFileType = sourcecode.swift; path = "위에서 아래로.swift"; sourceTree = "<group>"; };
		B598BE8829D5C7AC00FDEF04 /* 국영수.swift */ = {isa = PBXFileReference; fileEncoding = 4; lastKnownFileType = sourcecode.swift; path = "국영수.swift"; sourceTree = "<group>"; };
		B598BE8929D5C7AC00FDEF04 /* 성적이 낮은 순서.swift */ = {isa = PBXFileReference; fileEncoding = 4; lastKnownFileType = sourcecode.swift; path = "성적이 낮은 순서.swift"; sourceTree = "<group>"; };
		B598BE8A29D5C7AC00FDEF04 /* 최대힙.swift */ = {isa = PBXFileReference; fileEncoding = 4; lastKnownFileType = sourcecode.swift; path = "최대힙.swift"; sourceTree = "<group>"; };
		B598BE8B29D5C7AC00FDEF04 /* 실패율.swift */ = {isa = PBXFileReference; fileEncoding = 4; lastKnownFileType = sourcecode.swift; path = "실패율.swift"; sourceTree = "<group>"; };
		B598BE8D29D5C7AC00FDEF04 /* 곱하기 혹은 더하기.swift */ = {isa = PBXFileReference; fileEncoding = 4; lastKnownFileType = sourcecode.swift; path = "곱하기 혹은 더하기.swift"; sourceTree = "<group>"; };
		B598BE8E29D5C7AC00FDEF04 /* 문자열 뒤집기.swift */ = {isa = PBXFileReference; fileEncoding = 4; lastKnownFileType = sourcecode.swift; path = "문자열 뒤집기.swift"; sourceTree = "<group>"; };
		B598BE8F29D5C7AC00FDEF04 /* 볼링공 고르기.swift */ = {isa = PBXFileReference; fileEncoding = 4; lastKnownFileType = sourcecode.swift; path = "볼링공 고르기.swift"; sourceTree = "<group>"; };
		B598BE9029D5C7AC00FDEF04 /* 무지의 먹방 라이브.swift */ = {isa = PBXFileReference; fileEncoding = 4; lastKnownFileType = sourcecode.swift; path = "무지의 먹방 라이브.swift"; sourceTree = "<group>"; };
		B598BE9129D5C7AC00FDEF04 /* 모험가길드.swift */ = {isa = PBXFileReference; fileEncoding = 4; lastKnownFileType = sourcecode.swift; path = "모험가길드.swift"; sourceTree = "<group>"; };
		B598BE9229D5C7AC00FDEF04 /* 만들 수 없는 금액(저울).swift */ = {isa = PBXFileReference; fileEncoding = 4; lastKnownFileType = sourcecode.swift; path = "만들 수 없는 금액(저울).swift"; sourceTree = "<group>"; };
		B598BE9429D5C7AC00FDEF04 /* DFS.swift */ = {isa = PBXFileReference; fileEncoding = 4; lastKnownFileType = sourcecode.swift; path = DFS.swift; sourceTree = "<group>"; };
		B598BE9529D5C7AC00FDEF04 /* 조합.swift */ = {isa = PBXFileReference; fileEncoding = 4; lastKnownFileType = sourcecode.swift; path = "조합.swift"; sourceTree = "<group>"; };
		B598BE9629D5C7AC00FDEF04 /* 정렬.swift */ = {isa = PBXFileReference; fileEncoding = 4; lastKnownFileType = sourcecode.swift; path = "정렬.swift"; sourceTree = "<group>"; };
		B598BE9729D5C7AC00FDEF04 /* 이진탐색.swift */ = {isa = PBXFileReference; fileEncoding = 4; lastKnownFileType = sourcecode.swift; path = "이진탐색.swift"; sourceTree = "<group>"; };
		B598BE9829D5C7AC00FDEF04 /* 순열.swift */ = {isa = PBXFileReference; fileEncoding = 4; lastKnownFileType = sourcecode.swift; path = "순열.swift"; sourceTree = "<group>"; };
		B598BE9929D5C7AC00FDEF04 /* BFS.swift */ = {isa = PBXFileReference; fileEncoding = 4; lastKnownFileType = sourcecode.swift; path = BFS.swift; sourceTree = "<group>"; };
		B598BE9B29D5C7AC00FDEF04 /* 블록 이동하기.swift */ = {isa = PBXFileReference; fileEncoding = 4; lastKnownFileType = sourcecode.swift; path = "블록 이동하기.swift"; sourceTree = "<group>"; };
		B598BE9C29D5C7AC00FDEF04 /* 연구소.swift */ = {isa = PBXFileReference; fileEncoding = 4; lastKnownFileType = sourcecode.swift; path = "연구소.swift"; sourceTree = "<group>"; };
		B598BE9D29D5C7AC00FDEF04 /* 특정거리의 도시찾기.swift */ = {isa = PBXFileReference; fileEncoding = 4; lastKnownFileType = sourcecode.swift; path = "특정거리의 도시찾기.swift"; sourceTree = "<group>"; };
		B598BE9E29D5C7AC00FDEF04 /* 인구 이동.swift */ = {isa = PBXFileReference; fileEncoding = 4; lastKnownFileType = sourcecode.swift; path = "인구 이동.swift"; sourceTree = "<group>"; };
		B598BE9F29D5C7AC00FDEF04 /* 경쟁적 전염-test.swift */ = {isa = PBXFileReference; fileEncoding = 4; lastKnownFileType = sourcecode.swift; path = "경쟁적 전염-test.swift"; sourceTree = "<group>"; };
		B598BEA029D5C7AC00FDEF04 /* 감시 피하기.swift */ = {isa = PBXFileReference; fileEncoding = 4; lastKnownFileType = sourcecode.swift; path = "감시 피하기.swift"; sourceTree = "<group>"; };
		B598BEA129D5C7AC00FDEF04 /* 경쟁적 전염.swift */ = {isa = PBXFileReference; fileEncoding = 4; lastKnownFileType = sourcecode.swift; path = "경쟁적 전염.swift"; sourceTree = "<group>"; };
		B598BEA229D5C7AC00FDEF04 /* 연산자 끼워넣기.swift */ = {isa = PBXFileReference; fileEncoding = 4; lastKnownFileType = sourcecode.swift; path = "연산자 끼워넣기.swift"; sourceTree = "<group>"; };
		B598BEA329D5C7AC00FDEF04 /* 괄호 변환.swift */ = {isa = PBXFileReference; fileEncoding = 4; lastKnownFileType = sourcecode.swift; path = "괄호 변환.swift"; sourceTree = "<group>"; };
		B598BF4029D5C8F800FDEF04 /* 불!.swift */ = {isa = PBXFileReference; fileEncoding = 4; lastKnownFileType = sourcecode.swift; path = "불!.swift"; sourceTree = "<group>"; };
		B598BF4129D5C8F800FDEF04 /* Baaaaaaaaaduk2 (Easy).swift */ = {isa = PBXFileReference; fileEncoding = 4; lastKnownFileType = sourcecode.swift; path = "Baaaaaaaaaduk2 (Easy).swift"; sourceTree = "<group>"; };
		B598BF4429D5C90500FDEF04 /* 퇴사.swift */ = {isa = PBXFileReference; fileEncoding = 4; lastKnownFileType = sourcecode.swift; path = "퇴사.swift"; sourceTree = "<group>"; };
		B598BF4529D5C90500FDEF04 /* 정수삼각형.swift */ = {isa = PBXFileReference; fileEncoding = 4; lastKnownFileType = sourcecode.swift; path = "정수삼각형.swift"; sourceTree = "<group>"; };
		B598BF4829D5C98A00FDEF04 /* 2156_포도주시식.swift */ = {isa = PBXFileReference; lastKnownFileType = sourcecode.swift; path = "2156_포도주시식.swift"; sourceTree = "<group>"; };
/* End PBXFileReference section */

/* Begin PBXFrameworksBuildPhase section */
		B51FDFD528214EC000ED0429 /* Frameworks */ = {
			isa = PBXFrameworksBuildPhase;
			buildActionMask = 2147483647;
			files = (
			);
			runOnlyForDeploymentPostprocessing = 0;
		};
/* End PBXFrameworksBuildPhase section */

/* Begin PBXGroup section */
		B51FDFCF28214EC000ED0429 = {
			isa = PBXGroup;
			children = (
				B51FDFDA28214EC000ED0429 /* algo */,
				B51FDFD928214EC000ED0429 /* Products */,
			);
			sourceTree = "<group>";
		};
		B51FDFD928214EC000ED0429 /* Products */ = {
			isa = PBXGroup;
			children = (
				B51FDFD828214EC000ED0429 /* algo */,
			);
			name = Products;
			sourceTree = "<group>";
		};
		B51FDFDA28214EC000ED0429 /* algo */ = {
			isa = PBXGroup;
			children = (
				B598BE0C29D5C7AC00FDEF04 /* goorm */,
				B598BE3C29D5C7AC00FDEF04 /* 프로그래머스 */,
				B598BE9329D5C7AC00FDEF04 /* 개념 */,
				B598BDFF29D5C7AC00FDEF04 /* 구현 */,
				B598BE8C29D5C7AC00FDEF04 /* 그리디 */,
				B598BDEF29D5C7AC00FDEF04 /* 이분탐색 */,
				B598BDF629D5C7AC00FDEF04 /* 자료구조 */,
				B598BE8329D5C7AC00FDEF04 /* 정렬 */,
				B598BE9A29D5C7AC00FDEF04 /* DFS_BFS */,
				B598BDFA29D5C7AC00FDEF04 /* DP */,
				B598BE1A29D5C7AC00FDEF04 /* 4949_균형잡힌세상.swift */,
				B598BE1C29D5C7AC00FDEF04 /* 5585_거스름돈.swift */,
				B598BE1D29D5C7AC00FDEF04 /* 2839_설탕 배달.swift */,
				B598BE1E29D5C7AC00FDEF04 /* 1543_문서 검색.swift */,
				B598BE1F29D5C7AC00FDEF04 /* 1026_보물.swift */,
				B598BE2029D5C7AC00FDEF04 /* 11047_동전0.swift */,
				B598BE2129D5C7AC00FDEF04 /* 회의실 배정.swift */,
				B598BE2229D5C7AC00FDEF04 /* 2217_로프.swift */,
				B598BE2329D5C7AC00FDEF04 /* 로프.swift */,
				B598BE2429D5C7AC00FDEF04 /* 1931_회의실배정.swift */,
				B598BE2629D5C7AC00FDEF04 /* 보물.swift */,
				B598BE2729D5C7AC00FDEF04 /* 1789_수들의 합.swift */,
				B598BF4829D5C98A00FDEF04 /* 2156_포도주시식.swift */,
			);
			path = algo;
			sourceTree = "<group>";
		};
		B567599D2A7D11390004E5DD /* Queue */ = {
			isa = PBXGroup;
			children = (
				B598BDF929D5C7AC00FDEF04 /* Heap(PriorityQueue).swift */,
				B598BE2929D5C7AC00FDEF04 /* Queue-TwoArray.swift */,
				B598BDF829D5C7AC00FDEF04 /* Queue.swift */,
				B56759972A7CD2BC0004E5DD /* Circular Queue.swift */,
				B56759992A7CE7A20004E5DD /* Queue-LinkedList.swift */,
				B56759AC2A8286580004E5DD /* 10845_큐.swift */,
				B56759D22A8DFDE50004E5DD /* Heap.swift */,
			);
			path = Queue;
			sourceTree = "<group>";
		};
		B567599E2A7D11450004E5DD /* BST */ = {
			isa = PBXGroup;
			children = (
				B56759D02A8622190004E5DD /* BinarySearchTree.swift */,
				B598BDF729D5C7AC00FDEF04 /* BST.swift */,
				B56759D52A8E5CAC0004E5DD /* BST-Recur.swift */,
			);
			path = BST;
			sourceTree = "<group>";
		};
		B567599F2A7D11520004E5DD /* Stack */ = {
			isa = PBXGroup;
			children = (
				B56759792A7ABB0D0004E5DD /* stack-linkedlist.swift */,
				B56759752A78D4990004E5DD /* stack.swift */,
				B56759AE2A8298B30004E5DD /* 10828_스택.swift */,
			);
			path = Stack;
			sourceTree = "<group>";
		};
		B56759A02A7D11590004E5DD /* List */ = {
			isa = PBXGroup;
			children = (
				B56759772A7955CF0004E5DD /* LinkedList.swift */,
				B56759A12A7D16F20004E5DD /* ListProtocol.swift */,
				B56759A42A7E3A160004E5DD /* Node.swift */,
				B56759A62A7E3A440004E5DD /* DLinkedList.swift */,
				B56759A82A7E4BBD0004E5DD /* CircularLinkedList.swift */,
				B56759AA2A8147740004E5DD /* 1021_회전하는큐.swift */,
			);
			path = List;
			sourceTree = "<group>";
		};
		B598BDEF29D5C7AC00FDEF04 /* 이분탐색 */ = {
			isa = PBXGroup;
			children = (
				B598BDF029D5C7AC00FDEF04 /* 부품찾기.swift */,
				B598BDF129D5C7AC00FDEF04 /* 정렬된 배열에서 특정 수의 개수 구하기.swift */,
				B598BDF229D5C7AC00FDEF04 /* 고정점 찾기.swift */,
				B598BDF329D5C7AC00FDEF04 /* 떡볶이 떡 만들기.swift */,
				B598BDF429D5C7AC00FDEF04 /* 공유기 설치.swift */,
				B598BDF529D5C7AC00FDEF04 /* 가사검색.swift */,
			);
			name = "이분탐색";
			path = "../../../../문서 - minjae mac/algo-swift/algorithm-swift/algo/이분탐색";
			sourceTree = "<group>";
		};
		B598BDF629D5C7AC00FDEF04 /* 자료구조 */ = {
			isa = PBXGroup;
			children = (
				B56759A02A7D11590004E5DD /* List */,
				B567599F2A7D11520004E5DD /* Stack */,
				B567599E2A7D11450004E5DD /* BST */,
				B567599D2A7D11390004E5DD /* Queue */,
			);
			name = "자료구조";
			path = "../../../../문서 - minjae mac/algo-swift/algorithm-swift/algo/자료구조";
			sourceTree = "<group>";
		};
		B598BDFA29D5C7AC00FDEF04 /* DP */ = {
			isa = PBXGroup;
			children = (
				B598BF4529D5C90500FDEF04 /* 정수삼각형.swift */,
				B598BF4429D5C90500FDEF04 /* 퇴사.swift */,
				B598BDFB29D5C7AC00FDEF04 /* 바닥공사.swift */,
				B598BDFC29D5C7AC00FDEF04 /* 개미 전사.swift */,
				B598BDFD29D5C7AC00FDEF04 /* 효율적인 화폐 구성.swift */,
				B598BDFE29D5C7AC00FDEF04 /* 1로 만들기.swift */,
			);
			name = DP;
			path = "../../../../문서 - minjae mac/algo-swift/algorithm-swift/algo/DP";
			sourceTree = "<group>";
		};
		B598BDFF29D5C7AC00FDEF04 /* 구현 */ = {
			isa = PBXGroup;
			children = (
				B598BE1729D5C7AC00FDEF04 /* 1769_3의배수.swift */,
				B598BE1329D5C7AC00FDEF04 /* 2941_크로아티아 알파벳.swift */,
				B598BE1429D5C7AC00FDEF04 /* 14891_톱니바퀴.swift */,
				B598BE1529D5C7AC00FDEF04 /* 18312_시각.swift */,
				B598BE0029D5C7AC00FDEF04 /* 왕실의 나이트.swift */,
				B598BE0129D5C7AC00FDEF04 /* 문자열 압축.swift */,
				B598BE0229D5C7AC00FDEF04 /* 문자열 재정렬.swift */,
				B598BE0329D5C7AC00FDEF04 /* 게임 개발.swift */,
				B598BE0429D5C7AC00FDEF04 /* 기둥과보-test.swift */,
				B598BE0529D5C7AC00FDEF04 /* 럭키 스트레이트.swift */,
				B598BE0629D5C7AC00FDEF04 /* 자물쇠와 열쇠.swift */,
				B598BE0729D5C7AC00FDEF04 /* 기둥과보.swift */,
				B598BE0829D5C7AC00FDEF04 /* 외벽점검.swift */,
				B598BE0929D5C7AC00FDEF04 /* 뱀.swift */,
				B598BE0A29D5C7AC00FDEF04 /* 치킨배달.swift */,
			);
			name = "구현";
			path = "../../../../문서 - minjae mac/algo-swift/algorithm-swift/algo/구현";
			sourceTree = "<group>";
		};
		B598BE0C29D5C7AC00FDEF04 /* goorm */ = {
			isa = PBXGroup;
			children = (
				B598BE0D29D5C7AC00FDEF04 /* 경로의개수.swift */,
				B598BE0E29D5C7AC00FDEF04 /* 동명이인.swift */,
				B598BE0F29D5C7AC00FDEF04 /* 구름소수찾기.swift */,
				B598BE1029D5C7AC00FDEF04 /* 최장 맨해튼 거리.swift */,
			);
			name = goorm;
			path = "/Users/minjae/Documents/문서 - minjae mac/algo-swift/algorithm-swift/algo/goorm";
			sourceTree = "<absolute>";
		};
		B598BE3C29D5C7AC00FDEF04 /* 프로그래머스 */ = {
			isa = PBXGroup;
			children = (
				B598BE3D29D5C7AC00FDEF04 /* Level3 */,
				B598BE3F29D5C7AC00FDEF04 /* Level2 */,
				B598BE4B29D5C7AC00FDEF04 /* Level1 */,
			);
			name = "프로그래머스";
			path = "/Users/minjae/Documents/문서 - minjae mac/algo-swift/algorithm-swift/algo/프로그래머스";
			sourceTree = "<absolute>";
		};
		B598BE3D29D5C7AC00FDEF04 /* Level3 */ = {
			isa = PBXGroup;
			children = (
				B598BE3E29D5C7AC00FDEF04 /* 디스크컨트롤러.swift */,
			);
			path = Level3;
			sourceTree = "<group>";
		};
		B598BE3F29D5C7AC00FDEF04 /* Level2 */ = {
			isa = PBXGroup;
			children = (
				B598BE4029D5C7AC00FDEF04 /* JadenCase 문자열 만들기.swift */,
				B598BE4129D5C7AC00FDEF04 /* 조이스틱.swift */,
				B598BE4229D5C7AC00FDEF04 /* 양궁대회.swift */,
				B598BE4329D5C7AC00FDEF04 /* 짝지어 제거하기.swift */,
				B598BE4429D5C7AC00FDEF04 /* N개의 최소공배수.swift */,
				B598BE4529D5C7AC00FDEF04 /* N-Queen.swift */,
				B598BE4629D5C7AC00FDEF04 /* 소수찾기.swift */,
				B598BE4729D5C7AC00FDEF04 /* 게임맵최단거리-py.swift */,
				B598BE4829D5C7AC00FDEF04 /* 큰수만들기.swift */,
				B598BE4929D5C7AC00FDEF04 /* 정수 삼각형-py.swift */,
				B598BE4A29D5C7AC00FDEF04 /* 행렬의 곱셈.swift */,
			);
			path = Level2;
			sourceTree = "<group>";
		};
		B598BE4B29D5C7AC00FDEF04 /* Level1 */ = {
			isa = PBXGroup;
			children = (
				B598BE4C29D5C7AC00FDEF04 /* 숫자 문자열과 영단어.swift */,
				B598BE4D29D5C7AC00FDEF04 /* 자연수 뒤집어 배열로 만들기.swift */,
				B598BE4E29D5C7AC00FDEF04 /* 크레인 인형뽑기.swift */,
				B598BE4F29D5C7AC00FDEF04 /* 문자열 내 p와 y의 개수.swift */,
				B598BE5029D5C7AC00FDEF04 /* 약수의합.swift */,
				B598BE5129D5C7AC00FDEF04 /* 신고결과받기.swift */,
				B598BE5229D5C7AC00FDEF04 /* K번째수.swift */,
				B598BE5329D5C7AC00FDEF04 /* 가운데글자 가져오기.swift */,
				B598BE5429D5C7AC00FDEF04 /* 수박수박수박수.swift */,
				B598BE5529D5C7AC00FDEF04 /* 서울에서 김서방 찾기.swift */,
				B598BE5629D5C7AC00FDEF04 /* 음양더하기.swift */,
				B598BE5729D5C7AC00FDEF04 /* 두개뽑아서 더하기.swift */,
				B598BE5829D5C7AC00FDEF04 /* 소수 찾기.swift */,
				B598BE5929D5C7AC00FDEF04 /* 키패드 누르기.swift */,
				B598BE5A29D5C7AC00FDEF04 /* 이상한 문자 만들기.swift */,
				B598BE5B29D5C7AC00FDEF04 /* 부족한 금액 계산하기.swift */,
				B598BE5C29D5C7AC00FDEF04 /* 콜라츠 추측.swift */,
				B598BE5D29D5C7AC00FDEF04 /* 제일 작은 수 제거하기.swift */,
				B598BE5E29D5C7AC00FDEF04 /* 자릿수 더하기.swift */,
				B598BE5F29D5C7AC00FDEF04 /* 정수 내림차순으로 배치하기.swift */,
				B598BE6029D5C7AC00FDEF04 /* 체육복.swift */,
				B598BE6129D5C7AC00FDEF04 /* 하샤드 수.swift */,
				B598BE6229D5C7AC00FDEF04 /* 문자열 내림차순으로 배치하기.swift */,
				B598BE6329D5C7AC00FDEF04 /* 3진법 뒤집기.swift */,
				B598BE6429D5C7AC00FDEF04 /* 완주하지못한선수(Python).swift */,
				B598BE6529D5C7AC00FDEF04 /* 소수만들기.swift */,
				B598BE6629D5C7AC00FDEF04 /* 없는숫자 더하기.swift */,
				B598BE6729D5C7AC00FDEF04 /* 문자열 다루기 기본.swift */,
				B598BE6829D5C7AC00FDEF04 /* 로또의 최고순위와 최저순위.swift */,
				B598BE6929D5C7AC00FDEF04 /* 짝수와 홀수.swift */,
				B598BE6A29D5C7AC00FDEF04 /* 시저 암호.swift */,
				B598BE6B29D5C7AC00FDEF04 /* 성격 유형 검사하기.swift */,
				B598BE6C29D5C7AC00FDEF04 /* 예산.swift */,
				B598BE6D29D5C7AC00FDEF04 /* 핸드폰 번호 가리기.swift */,
				B598BE6E29D5C7AC00FDEF04 /* 최대공약수와 최소공배수.swift */,
				B598BE6F29D5C7AC00FDEF04 /* 직사각형 별찍기.swift */,
				B598BE7029D5C7AC00FDEF04 /* 신규 아이디 추천.swift */,
				B598BE7129D5C7AC00FDEF04 /* 문자열 마음대로 정렬.swift */,
				B598BE7229D5C7AC00FDEF04 /* 최소직사각형.swift */,
				B598BE7329D5C7AC00FDEF04 /* 정수 제곱근 판별.swift */,
				B598BE7429D5C7AC00FDEF04 /* 실패율.swift */,
				B598BE7529D5C7AC00FDEF04 /* 다트 게임.swift */,
				B598BE7629D5C7AC00FDEF04 /* x만큼 간격이 있는 n개의 숫자.swift */,
				B598BE7729D5C7AC00FDEF04 /* 평균 구하기.swift */,
				B598BE7829D5C7AC00FDEF04 /* 문자열을 정수로 바꾸기.swift */,
				B598BE7929D5C7AC00FDEF04 /* 내적.swift */,
				B598BE7A29D5C7AC00FDEF04 /* 약수의 개수와 덧셈.swift */,
				B598BE7B29D5C7AC00FDEF04 /* 비밀지도.swift */,
				B598BE7C29D5C7AC00FDEF04 /* 나누어떨어지는 숫자 배열.swift */,
				B598BE7D29D5C7AC00FDEF04 /* 모의고사.swift */,
				B598BE7E29D5C7AC00FDEF04 /* 두 정수 사이의 합.swift */,
				B598BE7F29D5C7AC00FDEF04 /* 행렬의 덧셈.swift */,
				B598BE8029D5C7AC00FDEF04 /* 나머지가 1이되는 수 찾기.swift */,
				B598BE8129D5C7AC00FDEF04 /* 2016년.swift */,
			);
			path = Level1;
			sourceTree = "<group>";
		};
		B598BE8329D5C7AC00FDEF04 /* 정렬 */ = {
			isa = PBXGroup;
			children = (
				B598BE8429D5C7AC00FDEF04 /* 안테나.swift */,
				B598BE8529D5C7AC00FDEF04 /* 카드 정렬하기.swift */,
				B598BE8629D5C7AC00FDEF04 /* 두 배열의 원소 교체.swift */,
				B598BE8729D5C7AC00FDEF04 /* 위에서 아래로.swift */,
				B598BE8829D5C7AC00FDEF04 /* 국영수.swift */,
				B598BE8929D5C7AC00FDEF04 /* 성적이 낮은 순서.swift */,
				B598BE8A29D5C7AC00FDEF04 /* 최대힙.swift */,
				B598BE8B29D5C7AC00FDEF04 /* 실패율.swift */,
			);
			name = "정렬";
			path = "../../../../문서 - minjae mac/algo-swift/algorithm-swift/algo/정렬";
			sourceTree = "<group>";
		};
		B598BE8C29D5C7AC00FDEF04 /* 그리디 */ = {
			isa = PBXGroup;
			children = (
				B598BE8D29D5C7AC00FDEF04 /* 곱하기 혹은 더하기.swift */,
				B598BE8E29D5C7AC00FDEF04 /* 문자열 뒤집기.swift */,
				B598BE8F29D5C7AC00FDEF04 /* 볼링공 고르기.swift */,
				B598BE9029D5C7AC00FDEF04 /* 무지의 먹방 라이브.swift */,
				B598BE9129D5C7AC00FDEF04 /* 모험가길드.swift */,
				B598BE9229D5C7AC00FDEF04 /* 만들 수 없는 금액(저울).swift */,
			);
			name = "그리디";
			path = "../../../../문서 - minjae mac/algo-swift/algorithm-swift/algo/그리디";
			sourceTree = "<group>";
		};
		B598BE9329D5C7AC00FDEF04 /* 개념 */ = {
			isa = PBXGroup;
			children = (
				B598BE9429D5C7AC00FDEF04 /* DFS.swift */,
				B598BE9529D5C7AC00FDEF04 /* 조합.swift */,
				B598BE9629D5C7AC00FDEF04 /* 정렬.swift */,
				B598BE9729D5C7AC00FDEF04 /* 이진탐색.swift */,
				B598BE9829D5C7AC00FDEF04 /* 순열.swift */,
				B598BE9929D5C7AC00FDEF04 /* BFS.swift */,
			);
			name = "개념";
			path = "../../../../문서 - minjae mac/algo-swift/algorithm-swift/algo/개념";
			sourceTree = "<group>";
		};
		B598BE9A29D5C7AC00FDEF04 /* DFS_BFS */ = {
			isa = PBXGroup;
			children = (
				B598BF4029D5C8F800FDEF04 /* 불!.swift */,
				B598BF4129D5C8F800FDEF04 /* Baaaaaaaaaduk2 (Easy).swift */,
				B598BE9B29D5C7AC00FDEF04 /* 블록 이동하기.swift */,
				B598BE9C29D5C7AC00FDEF04 /* 연구소.swift */,
				B598BE9D29D5C7AC00FDEF04 /* 특정거리의 도시찾기.swift */,
				B598BE9E29D5C7AC00FDEF04 /* 인구 이동.swift */,
				B598BE9F29D5C7AC00FDEF04 /* 경쟁적 전염-test.swift */,
				B598BEA029D5C7AC00FDEF04 /* 감시 피하기.swift */,
				B598BEA129D5C7AC00FDEF04 /* 경쟁적 전염.swift */,
				B598BEA229D5C7AC00FDEF04 /* 연산자 끼워넣기.swift */,
				B598BEA329D5C7AC00FDEF04 /* 괄호 변환.swift */,
				B58B967E2A2FC3EB00E1B75D /* 아기상어(-ing).swift */,
			);
			name = DFS_BFS;
			path = "../../../../문서 - minjae mac/algo-swift/algorithm-swift/algo/DFS_BFS";
			sourceTree = "<group>";
		};
/* End PBXGroup section */

/* Begin PBXNativeTarget section */
		B51FDFD728214EC000ED0429 /* algo */ = {
			isa = PBXNativeTarget;
			buildConfigurationList = B51FDFDF28214EC000ED0429 /* Build configuration list for PBXNativeTarget "algo" */;
			buildPhases = (
				B51FDFD428214EC000ED0429 /* Sources */,
				B51FDFD528214EC000ED0429 /* Frameworks */,
				B51FDFD628214EC000ED0429 /* CopyFiles */,
			);
			buildRules = (
			);
			dependencies = (
			);
			name = algo;
			productName = algo;
			productReference = B51FDFD828214EC000ED0429 /* algo */;
			productType = "com.apple.product-type.tool";
		};
/* End PBXNativeTarget section */

/* Begin PBXProject section */
		B51FDFD028214EC000ED0429 /* Project object */ = {
			isa = PBXProject;
			attributes = {
				BuildIndependentTargetsInParallel = 1;
				LastSwiftUpdateCheck = 1330;
				LastUpgradeCheck = 1400;
				TargetAttributes = {
					B51FDFD728214EC000ED0429 = {
						CreatedOnToolsVersion = 13.3.1;
						LastSwiftMigration = 1430;
					};
				};
			};
			buildConfigurationList = B51FDFD328214EC000ED0429 /* Build configuration list for PBXProject "algo" */;
			compatibilityVersion = "Xcode 13.0";
			developmentRegion = en;
			hasScannedForEncodings = 0;
			knownRegions = (
				en,
				Base,
			);
			mainGroup = B51FDFCF28214EC000ED0429;
			productRefGroup = B51FDFD928214EC000ED0429 /* Products */;
			projectDirPath = "";
			projectRoot = "";
			targets = (
				B51FDFD728214EC000ED0429 /* algo */,
			);
		};
/* End PBXProject section */

/* Begin PBXSourcesBuildPhase section */
		B51FDFD428214EC000ED0429 /* Sources */ = {
			isa = PBXSourcesBuildPhase;
			buildActionMask = 2147483647;
			files = (
				B56759A22A7D16F20004E5DD /* ListProtocol.swift in Sources */,
			);
			runOnlyForDeploymentPostprocessing = 0;
		};
/* End PBXSourcesBuildPhase section */

/* Begin XCBuildConfiguration section */
		B51FDFDD28214EC000ED0429 /* Debug */ = {
			isa = XCBuildConfiguration;
			buildSettings = {
				ALWAYS_SEARCH_USER_PATHS = NO;
				CLANG_ANALYZER_NONNULL = YES;
				CLANG_ANALYZER_NUMBER_OBJECT_CONVERSION = YES_AGGRESSIVE;
				CLANG_CXX_LANGUAGE_STANDARD = "gnu++17";
				CLANG_ENABLE_MODULES = YES;
				CLANG_ENABLE_OBJC_ARC = YES;
				CLANG_ENABLE_OBJC_WEAK = YES;
				CLANG_WARN_BLOCK_CAPTURE_AUTORELEASING = YES;
				CLANG_WARN_BOOL_CONVERSION = YES;
				CLANG_WARN_COMMA = YES;
				CLANG_WARN_CONSTANT_CONVERSION = YES;
				CLANG_WARN_DEPRECATED_OBJC_IMPLEMENTATIONS = YES;
				CLANG_WARN_DIRECT_OBJC_ISA_USAGE = YES_ERROR;
				CLANG_WARN_DOCUMENTATION_COMMENTS = YES;
				CLANG_WARN_EMPTY_BODY = YES;
				CLANG_WARN_ENUM_CONVERSION = YES;
				CLANG_WARN_INFINITE_RECURSION = YES;
				CLANG_WARN_INT_CONVERSION = YES;
				CLANG_WARN_NON_LITERAL_NULL_CONVERSION = YES;
				CLANG_WARN_OBJC_IMPLICIT_RETAIN_SELF = YES;
				CLANG_WARN_OBJC_LITERAL_CONVERSION = YES;
				CLANG_WARN_OBJC_ROOT_CLASS = YES_ERROR;
				CLANG_WARN_QUOTED_INCLUDE_IN_FRAMEWORK_HEADER = YES;
				CLANG_WARN_RANGE_LOOP_ANALYSIS = YES;
				CLANG_WARN_STRICT_PROTOTYPES = YES;
				CLANG_WARN_SUSPICIOUS_MOVE = YES;
				CLANG_WARN_UNGUARDED_AVAILABILITY = YES_AGGRESSIVE;
				CLANG_WARN_UNREACHABLE_CODE = YES;
				CLANG_WARN__DUPLICATE_METHOD_MATCH = YES;
				COPY_PHASE_STRIP = NO;
				DEAD_CODE_STRIPPING = YES;
				DEBUG_INFORMATION_FORMAT = dwarf;
				ENABLE_STRICT_OBJC_MSGSEND = YES;
				ENABLE_TESTABILITY = YES;
				GCC_C_LANGUAGE_STANDARD = gnu11;
				GCC_DYNAMIC_NO_PIC = NO;
				GCC_NO_COMMON_BLOCKS = YES;
				GCC_OPTIMIZATION_LEVEL = 0;
				GCC_PREPROCESSOR_DEFINITIONS = (
					"DEBUG=1",
					"$(inherited)",
				);
				GCC_WARN_64_TO_32_BIT_CONVERSION = YES;
				GCC_WARN_ABOUT_RETURN_TYPE = YES_ERROR;
				GCC_WARN_UNDECLARED_SELECTOR = YES;
				GCC_WARN_UNINITIALIZED_AUTOS = YES_AGGRESSIVE;
				GCC_WARN_UNUSED_FUNCTION = YES;
				GCC_WARN_UNUSED_VARIABLE = YES;
				MACOSX_DEPLOYMENT_TARGET = 12.3;
				MTL_ENABLE_DEBUG_INFO = INCLUDE_SOURCE;
				MTL_FAST_MATH = YES;
				ONLY_ACTIVE_ARCH = YES;
				SDKROOT = macosx;
				SWIFT_ACTIVE_COMPILATION_CONDITIONS = DEBUG;
				SWIFT_OPTIMIZATION_LEVEL = "-Onone";
			};
			name = Debug;
		};
		B51FDFDE28214EC000ED0429 /* Release */ = {
			isa = XCBuildConfiguration;
			buildSettings = {
				ALWAYS_SEARCH_USER_PATHS = NO;
				CLANG_ANALYZER_NONNULL = YES;
				CLANG_ANALYZER_NUMBER_OBJECT_CONVERSION = YES_AGGRESSIVE;
				CLANG_CXX_LANGUAGE_STANDARD = "gnu++17";
				CLANG_ENABLE_MODULES = YES;
				CLANG_ENABLE_OBJC_ARC = YES;
				CLANG_ENABLE_OBJC_WEAK = YES;
				CLANG_WARN_BLOCK_CAPTURE_AUTORELEASING = YES;
				CLANG_WARN_BOOL_CONVERSION = YES;
				CLANG_WARN_COMMA = YES;
				CLANG_WARN_CONSTANT_CONVERSION = YES;
				CLANG_WARN_DEPRECATED_OBJC_IMPLEMENTATIONS = YES;
				CLANG_WARN_DIRECT_OBJC_ISA_USAGE = YES_ERROR;
				CLANG_WARN_DOCUMENTATION_COMMENTS = YES;
				CLANG_WARN_EMPTY_BODY = YES;
				CLANG_WARN_ENUM_CONVERSION = YES;
				CLANG_WARN_INFINITE_RECURSION = YES;
				CLANG_WARN_INT_CONVERSION = YES;
				CLANG_WARN_NON_LITERAL_NULL_CONVERSION = YES;
				CLANG_WARN_OBJC_IMPLICIT_RETAIN_SELF = YES;
				CLANG_WARN_OBJC_LITERAL_CONVERSION = YES;
				CLANG_WARN_OBJC_ROOT_CLASS = YES_ERROR;
				CLANG_WARN_QUOTED_INCLUDE_IN_FRAMEWORK_HEADER = YES;
				CLANG_WARN_RANGE_LOOP_ANALYSIS = YES;
				CLANG_WARN_STRICT_PROTOTYPES = YES;
				CLANG_WARN_SUSPICIOUS_MOVE = YES;
				CLANG_WARN_UNGUARDED_AVAILABILITY = YES_AGGRESSIVE;
				CLANG_WARN_UNREACHABLE_CODE = YES;
				CLANG_WARN__DUPLICATE_METHOD_MATCH = YES;
				COPY_PHASE_STRIP = NO;
				DEAD_CODE_STRIPPING = YES;
				DEBUG_INFORMATION_FORMAT = "dwarf-with-dsym";
				ENABLE_NS_ASSERTIONS = NO;
				ENABLE_STRICT_OBJC_MSGSEND = YES;
				GCC_C_LANGUAGE_STANDARD = gnu11;
				GCC_NO_COMMON_BLOCKS = YES;
				GCC_WARN_64_TO_32_BIT_CONVERSION = YES;
				GCC_WARN_ABOUT_RETURN_TYPE = YES_ERROR;
				GCC_WARN_UNDECLARED_SELECTOR = YES;
				GCC_WARN_UNINITIALIZED_AUTOS = YES_AGGRESSIVE;
				GCC_WARN_UNUSED_FUNCTION = YES;
				GCC_WARN_UNUSED_VARIABLE = YES;
				MACOSX_DEPLOYMENT_TARGET = 12.3;
				MTL_ENABLE_DEBUG_INFO = NO;
				MTL_FAST_MATH = YES;
				SDKROOT = macosx;
				SWIFT_COMPILATION_MODE = wholemodule;
				SWIFT_OPTIMIZATION_LEVEL = "-O";
			};
			name = Release;
		};
		B51FDFE028214EC000ED0429 /* Debug */ = {
			isa = XCBuildConfiguration;
			buildSettings = {
				CLANG_ENABLE_MODULES = YES;
				CODE_SIGN_IDENTITY = "-";
				CODE_SIGN_STYLE = Automatic;
				DEAD_CODE_STRIPPING = YES;
				DEVELOPMENT_TEAM = AXN37CP9B9;
				ENABLE_HARDENED_RUNTIME = YES;
				LD_RUNPATH_SEARCH_PATHS = (
					"$(inherited)",
					"@executable_path/../Frameworks",
					"@loader_path/../Frameworks",
				);
				PRODUCT_NAME = "$(TARGET_NAME)";
				SWIFT_OBJC_BRIDGING_HEADER = "";
				SWIFT_OPTIMIZATION_LEVEL = "-Onone";
				SWIFT_VERSION = 5.0;
			};
			name = Debug;
		};
		B51FDFE128214EC000ED0429 /* Release */ = {
			isa = XCBuildConfiguration;
			buildSettings = {
				CLANG_ENABLE_MODULES = YES;
				CODE_SIGN_IDENTITY = "-";
				CODE_SIGN_STYLE = Automatic;
				DEAD_CODE_STRIPPING = YES;
				DEVELOPMENT_TEAM = AXN37CP9B9;
				ENABLE_HARDENED_RUNTIME = YES;
				LD_RUNPATH_SEARCH_PATHS = (
					"$(inherited)",
					"@executable_path/../Frameworks",
					"@loader_path/../Frameworks",
				);
				PRODUCT_NAME = "$(TARGET_NAME)";
				SWIFT_OBJC_BRIDGING_HEADER = "";
				SWIFT_VERSION = 5.0;
			};
			name = Release;
		};
/* End XCBuildConfiguration section */

/* Begin XCConfigurationList section */
		B51FDFD328214EC000ED0429 /* Build configuration list for PBXProject "algo" */ = {
			isa = XCConfigurationList;
			buildConfigurations = (
				B51FDFDD28214EC000ED0429 /* Debug */,
				B51FDFDE28214EC000ED0429 /* Release */,
			);
			defaultConfigurationIsVisible = 0;
			defaultConfigurationName = Release;
		};
		B51FDFDF28214EC000ED0429 /* Build configuration list for PBXNativeTarget "algo" */ = {
			isa = XCConfigurationList;
			buildConfigurations = (
				B51FDFE028214EC000ED0429 /* Debug */,
				B51FDFE128214EC000ED0429 /* Release */,
			);
			defaultConfigurationIsVisible = 0;
			defaultConfigurationName = Release;
		};
/* End XCConfigurationList section */
	};
	rootObject = B51FDFD028214EC000ED0429 /* Project object */;
}
