// !$*UTF8*$!
{
	archiveVersion = 1;
	classes = {
	};
	objectVersion = 55;
	objects = {

/* Begin PBXCopyFilesBuildPhase section */
		B51FDFD628214EC000ED0429 /* CopyFiles */ = {
			isa = PBXCopyFilesBuildPhase;
			buildActionMask = 2147483647;
			dstPath = /usr/share/man/man1/;
			dstSubfolderSpec = 0;
			files = (
			);
			runOnlyForDeploymentPostprocessing = 1;
		};
/* End PBXCopyFilesBuildPhase section */

/* Begin PBXFileReference section */
		B51FDFD828214EC000ED0429 /* algo */ = {isa = PBXFileReference; explicitFileType = "compiled.mach-o.executable"; includeInIndex = 0; path = algo; sourceTree = BUILT_PRODUCTS_DIR; };
		B54E25C12AD5AE2E00874FCE /* 왕실의 나이트.swift */ = {isa = PBXFileReference; lastKnownFileType = sourcecode.swift; path = "왕실의 나이트.swift"; sourceTree = "<group>"; };
		B54E25C22AD5AE2E00874FCE /* 문자열 압축.swift */ = {isa = PBXFileReference; lastKnownFileType = sourcecode.swift; path = "문자열 압축.swift"; sourceTree = "<group>"; };
		B54E25C32AD5AE2E00874FCE /* 문자열 재정렬.swift */ = {isa = PBXFileReference; lastKnownFileType = sourcecode.swift; path = "문자열 재정렬.swift"; sourceTree = "<group>"; };
		B54E25C42AD5AE2E00874FCE /* 감시-retry.swift */ = {isa = PBXFileReference; lastKnownFileType = sourcecode.swift; path = "감시-retry.swift"; sourceTree = "<group>"; };
		B54E25C52AD5AE2E00874FCE /* 게임 개발.swift */ = {isa = PBXFileReference; lastKnownFileType = sourcecode.swift; path = "게임 개발.swift"; sourceTree = "<group>"; };
		B54E25C62AD5AE2E00874FCE /* 기둥과보-test.swift */ = {isa = PBXFileReference; lastKnownFileType = sourcecode.swift; path = "기둥과보-test.swift"; sourceTree = "<group>"; };
		B54E25C72AD5AE2E00874FCE /* 럭키 스트레이트.swift */ = {isa = PBXFileReference; lastKnownFileType = sourcecode.swift; path = "럭키 스트레이트.swift"; sourceTree = "<group>"; };
		B54E25C82AD5AE2E00874FCE /* 2941_크로아티아 알파벳.swift */ = {isa = PBXFileReference; lastKnownFileType = sourcecode.swift; path = "2941_크로아티아 알파벳.swift"; sourceTree = "<group>"; };
		B54E25C92AD5AE2E00874FCE /* 자물쇠와 열쇠.swift */ = {isa = PBXFileReference; lastKnownFileType = sourcecode.swift; path = "자물쇠와 열쇠.swift"; sourceTree = "<group>"; };
		B54E25CA2AD5AE2E00874FCE /* 퍼즐조각맞추기.swift */ = {isa = PBXFileReference; lastKnownFileType = sourcecode.swift; path = "퍼즐조각맞추기.swift"; sourceTree = "<group>"; };
		B54E25CB2AD5AE2E00874FCE /* 기둥과보.swift */ = {isa = PBXFileReference; lastKnownFileType = sourcecode.swift; path = "기둥과보.swift"; sourceTree = "<group>"; };
		B54E25CC2AD5AE2E00874FCE /* 외벽점검.swift */ = {isa = PBXFileReference; lastKnownFileType = sourcecode.swift; path = "외벽점검.swift"; sourceTree = "<group>"; };
		B54E25CD2AD5AE2E00874FCE /* 14891_톱니바퀴.swift */ = {isa = PBXFileReference; lastKnownFileType = sourcecode.swift; path = "14891_톱니바퀴.swift"; sourceTree = "<group>"; };
		B54E25CE2AD5AE2E00874FCE /* 뱀.swift */ = {isa = PBXFileReference; lastKnownFileType = sourcecode.swift; path = "뱀.swift"; sourceTree = "<group>"; };
		B54E25CF2AD5AE2E00874FCE /* 스티커 붙이기.swift */ = {isa = PBXFileReference; lastKnownFileType = sourcecode.swift; path = "스티커 붙이기.swift"; sourceTree = "<group>"; };
		B54E25D02AD5AE2E00874FCE /* 1769_3의배수.swift */ = {isa = PBXFileReference; lastKnownFileType = sourcecode.swift; path = "1769_3의배수.swift"; sourceTree = "<group>"; };
		B54E25D12AD5AE2E00874FCE /* 18312_시각.swift */ = {isa = PBXFileReference; lastKnownFileType = sourcecode.swift; path = "18312_시각.swift"; sourceTree = "<group>"; };
		B54E25D22AD5AE2E00874FCE /* 감시(2).swift */ = {isa = PBXFileReference; lastKnownFileType = sourcecode.swift; path = "감시(2).swift"; sourceTree = "<group>"; };
		B54E25D32AD5AE2E00874FCE /* 치킨배달.swift */ = {isa = PBXFileReference; lastKnownFileType = sourcecode.swift; path = "치킨배달.swift"; sourceTree = "<group>"; };
		B54E25D42AD5AE2E00874FCE /* 5585_거스름돈.swift */ = {isa = PBXFileReference; lastKnownFileType = sourcecode.swift; path = "5585_거스름돈.swift"; sourceTree = "<group>"; };
		B54E25D52AD5AE2E00874FCE /* 2839_설탕 배달.swift */ = {isa = PBXFileReference; lastKnownFileType = sourcecode.swift; path = "2839_설탕 배달.swift"; sourceTree = "<group>"; };
		B54E25D72AD5AE2E00874FCE /* 경로의개수.swift */ = {isa = PBXFileReference; lastKnownFileType = sourcecode.swift; path = "경로의개수.swift"; sourceTree = "<group>"; };
		B54E25D82AD5AE2E00874FCE /* 동명이인.swift */ = {isa = PBXFileReference; lastKnownFileType = sourcecode.swift; path = "동명이인.swift"; sourceTree = "<group>"; };
		B54E25D92AD5AE2E00874FCE /* 구름소수찾기.swift */ = {isa = PBXFileReference; lastKnownFileType = sourcecode.swift; path = "구름소수찾기.swift"; sourceTree = "<group>"; };
		B54E25DA2AD5AE2E00874FCE /* 최장 맨해튼 거리.swift */ = {isa = PBXFileReference; lastKnownFileType = sourcecode.swift; path = "최장 맨해튼 거리.swift"; sourceTree = "<group>"; };
		B54E25DC2AD5AE2E00874FCE /* DFS.swift */ = {isa = PBXFileReference; lastKnownFileType = sourcecode.swift; path = DFS.swift; sourceTree = "<group>"; };
		B54E25DD2AD5AE2E00874FCE /* 조합.swift */ = {isa = PBXFileReference; lastKnownFileType = sourcecode.swift; path = "조합.swift"; sourceTree = "<group>"; };
		B54E25DE2AD5AE2E00874FCE /* 정렬.swift */ = {isa = PBXFileReference; lastKnownFileType = sourcecode.swift; path = "정렬.swift"; sourceTree = "<group>"; };
		B54E25DF2AD5AE2E00874FCE /* 이진탐색.swift */ = {isa = PBXFileReference; lastKnownFileType = sourcecode.swift; path = "이진탐색.swift"; sourceTree = "<group>"; };
		B54E25E02AD5AE2E00874FCE /* 순열.swift */ = {isa = PBXFileReference; lastKnownFileType = sourcecode.swift; path = "순열.swift"; sourceTree = "<group>"; };
		B54E25E12AD5AE2E00874FCE /* BFS.swift */ = {isa = PBXFileReference; lastKnownFileType = sourcecode.swift; path = BFS.swift; sourceTree = "<group>"; };
		B54E25E32AD5AE2E00874FCE /* 부품찾기.swift */ = {isa = PBXFileReference; lastKnownFileType = sourcecode.swift; path = "부품찾기.swift"; sourceTree = "<group>"; };
		B54E25E42AD5AE2E00874FCE /* 정렬된 배열에서 특정 수의 개수 구하기.swift */ = {isa = PBXFileReference; lastKnownFileType = sourcecode.swift; path = "정렬된 배열에서 특정 수의 개수 구하기.swift"; sourceTree = "<group>"; };
		B54E25E52AD5AE2E00874FCE /* 고정점 찾기.swift */ = {isa = PBXFileReference; lastKnownFileType = sourcecode.swift; path = "고정점 찾기.swift"; sourceTree = "<group>"; };
		B54E25E62AD5AE2E00874FCE /* 떡볶이 떡 만들기.swift */ = {isa = PBXFileReference; lastKnownFileType = sourcecode.swift; path = "떡볶이 떡 만들기.swift"; sourceTree = "<group>"; };
		B54E25E72AD5AE2E00874FCE /* 공유기 설치.swift */ = {isa = PBXFileReference; lastKnownFileType = sourcecode.swift; path = "공유기 설치.swift"; sourceTree = "<group>"; };
		B54E25E82AD5AE2E00874FCE /* 가사검색.swift */ = {isa = PBXFileReference; lastKnownFileType = sourcecode.swift; path = "가사검색.swift"; sourceTree = "<group>"; };
		B54E25E92AD5AE2E00874FCE /* 1543_문서 검색.swift */ = {isa = PBXFileReference; lastKnownFileType = sourcecode.swift; path = "1543_문서 검색.swift"; sourceTree = "<group>"; };
		B54E25EA2AD5AE2E00874FCE /* 1026_보물.swift */ = {isa = PBXFileReference; lastKnownFileType = sourcecode.swift; path = "1026_보물.swift"; sourceTree = "<group>"; };
		B54E25EB2AD5AE2E00874FCE /* 11047_동전0.swift */ = {isa = PBXFileReference; lastKnownFileType = sourcecode.swift; path = "11047_동전0.swift"; sourceTree = "<group>"; };
		B54E25EC2AD5AE2E00874FCE /* 회의실 배정.swift */ = {isa = PBXFileReference; lastKnownFileType = sourcecode.swift; path = "회의실 배정.swift"; sourceTree = "<group>"; };
		B54E25EF2AD5AE2E00874FCE /* 1012_유기농배추.swift */ = {isa = PBXFileReference; lastKnownFileType = sourcecode.swift; path = "1012_유기농배추.swift"; sourceTree = "<group>"; };
		B54E25F02AD5AE2E00874FCE /* 14888_연산자 끼워넣기.swift */ = {isa = PBXFileReference; lastKnownFileType = sourcecode.swift; path = "14888_연산자 끼워넣기.swift"; sourceTree = "<group>"; };
		B54E25F12AD5AE2E00874FCE /* 1753_최단경로(다익).swift */ = {isa = PBXFileReference; lastKnownFileType = sourcecode.swift; path = "1753_최단경로(다익).swift"; sourceTree = "<group>"; };
		B54E25F22AD5AE2E00874FCE /* 1182_부분수열의합.swift */ = {isa = PBXFileReference; lastKnownFileType = sourcecode.swift; path = "1182_부분수열의합.swift"; sourceTree = "<group>"; };
		B54E25F32AD5AE2E00874FCE /* 2606_바이러스.swift */ = {isa = PBXFileReference; lastKnownFileType = sourcecode.swift; path = "2606_바이러스.swift"; sourceTree = "<group>"; };
		B54E25F42AD5AE2E00874FCE /* 11724_연결요소의 개수.swift */ = {isa = PBXFileReference; lastKnownFileType = sourcecode.swift; path = "11724_연결요소의 개수.swift"; sourceTree = "<group>"; };
		B54E25F52AD5AE2E00874FCE /* 2178_미로탐색.swift */ = {isa = PBXFileReference; lastKnownFileType = sourcecode.swift; path = "2178_미로탐색.swift"; sourceTree = "<group>"; };
		B54E25F62AD5AE2E00874FCE /* 14940_쉬운 최단거리.swift */ = {isa = PBXFileReference; lastKnownFileType = sourcecode.swift; path = "14940_쉬운 최단거리.swift"; sourceTree = "<group>"; };
		B54E25F72AD5AE2E00874FCE /* 15649_N과M.swift */ = {isa = PBXFileReference; lastKnownFileType = sourcecode.swift; path = "15649_N과M.swift"; sourceTree = "<group>"; };
		B54E25F82AD5AE2E00874FCE /* 2644_촌수계산.swift */ = {isa = PBXFileReference; lastKnownFileType = sourcecode.swift; path = "2644_촌수계산.swift"; sourceTree = "<group>"; };
		B54E25F92AD5AE2E00874FCE /* 4673_셀프넘버.swift */ = {isa = PBXFileReference; lastKnownFileType = sourcecode.swift; path = "4673_셀프넘버.swift"; sourceTree = "<group>"; };
		B54E25FB2AD5AE2E00874FCE /* DLinkedList.swift */ = {isa = PBXFileReference; lastKnownFileType = sourcecode.swift; path = DLinkedList.swift; sourceTree = "<group>"; };
		B54E25FC2AD5AE2E00874FCE /* 1021_회전하는큐.swift */ = {isa = PBXFileReference; lastKnownFileType = sourcecode.swift; path = "1021_회전하는큐.swift"; sourceTree = "<group>"; };
		B54E25FD2AD5AE2E00874FCE /* CircularLinkedList.swift */ = {isa = PBXFileReference; lastKnownFileType = sourcecode.swift; path = CircularLinkedList.swift; sourceTree = "<group>"; };
		B54E25FE2AD5AE2E00874FCE /* ListProtocol.swift */ = {isa = PBXFileReference; lastKnownFileType = sourcecode.swift; path = ListProtocol.swift; sourceTree = "<group>"; };
		B54E25FF2AD5AE2E00874FCE /* Node.swift */ = {isa = PBXFileReference; lastKnownFileType = sourcecode.swift; path = Node.swift; sourceTree = "<group>"; };
		B54E26002AD5AE2E00874FCE /* LinkedList.swift */ = {isa = PBXFileReference; lastKnownFileType = sourcecode.swift; path = LinkedList.swift; sourceTree = "<group>"; };
		B54E26022AD5AE2E00874FCE /* Circular Queue.swift */ = {isa = PBXFileReference; lastKnownFileType = sourcecode.swift; path = "Circular Queue.swift"; sourceTree = "<group>"; };
		B54E26032AD5AE2E00874FCE /* Heap(PriorityQueue).swift */ = {isa = PBXFileReference; lastKnownFileType = sourcecode.swift; path = "Heap(PriorityQueue).swift"; sourceTree = "<group>"; };
		B54E26042AD5AE2E00874FCE /* Queue.swift */ = {isa = PBXFileReference; lastKnownFileType = sourcecode.swift; path = Queue.swift; sourceTree = "<group>"; };
		B54E26052AD5AE2E00874FCE /* 10845_큐.swift */ = {isa = PBXFileReference; lastKnownFileType = sourcecode.swift; path = "10845_큐.swift"; sourceTree = "<group>"; };
		B54E26062AD5AE2E00874FCE /* Heap.swift */ = {isa = PBXFileReference; lastKnownFileType = sourcecode.swift; path = Heap.swift; sourceTree = "<group>"; };
		B54E26072AD5AE2E00874FCE /* 1927_최소힙.swift */ = {isa = PBXFileReference; lastKnownFileType = sourcecode.swift; path = "1927_최소힙.swift"; sourceTree = "<group>"; };
		B54E26082AD5AE2E00874FCE /* Queue-LinkedList.swift */ = {isa = PBXFileReference; lastKnownFileType = sourcecode.swift; path = "Queue-LinkedList.swift"; sourceTree = "<group>"; };
		B54E26092AD5AE2E00874FCE /* Queue-TwoArray.swift */ = {isa = PBXFileReference; lastKnownFileType = sourcecode.swift; path = "Queue-TwoArray.swift"; sourceTree = "<group>"; };
		B54E260B2AD5AE2E00874FCE /* stack.swift */ = {isa = PBXFileReference; lastKnownFileType = sourcecode.swift; path = stack.swift; sourceTree = "<group>"; };
		B54E260C2AD5AE2E00874FCE /* stack-linkedlist.swift */ = {isa = PBXFileReference; lastKnownFileType = sourcecode.swift; path = "stack-linkedlist.swift"; sourceTree = "<group>"; };
		B54E260D2AD5AE2E00874FCE /* 10828_스택.swift */ = {isa = PBXFileReference; lastKnownFileType = sourcecode.swift; path = "10828_스택.swift"; sourceTree = "<group>"; };
		B54E260F2AD5AE2E00874FCE /* BST.swift */ = {isa = PBXFileReference; lastKnownFileType = sourcecode.swift; path = BST.swift; sourceTree = "<group>"; };
		B54E26102AD5AE2E00874FCE /* BinarySearchTree.swift */ = {isa = PBXFileReference; lastKnownFileType = sourcecode.swift; path = BinarySearchTree.swift; sourceTree = "<group>"; };
		B54E26112AD5AE2E00874FCE /* 1991_트리 순회.swift */ = {isa = PBXFileReference; lastKnownFileType = sourcecode.swift; path = "1991_트리 순회.swift"; sourceTree = "<group>"; };
		B54E26122AD5AE2E00874FCE /* BST-Recur.swift */ = {isa = PBXFileReference; lastKnownFileType = sourcecode.swift; path = "BST-Recur.swift"; sourceTree = "<group>"; };
		B54E26142AD5AE2E00874FCE /* 곱하기 혹은 더하기.swift */ = {isa = PBXFileReference; lastKnownFileType = sourcecode.swift; path = "곱하기 혹은 더하기.swift"; sourceTree = "<group>"; };
		B54E26152AD5AE2E00874FCE /* 문자열 뒤집기.swift */ = {isa = PBXFileReference; lastKnownFileType = sourcecode.swift; path = "문자열 뒤집기.swift"; sourceTree = "<group>"; };
		B54E26162AD5AE2E00874FCE /* 볼링공 고르기.swift */ = {isa = PBXFileReference; lastKnownFileType = sourcecode.swift; path = "볼링공 고르기.swift"; sourceTree = "<group>"; };
		B54E26172AD5AE2E00874FCE /* 무지의 먹방 라이브.swift */ = {isa = PBXFileReference; lastKnownFileType = sourcecode.swift; path = "무지의 먹방 라이브.swift"; sourceTree = "<group>"; };
		B54E26182AD5AE2E00874FCE /* 모험가길드.swift */ = {isa = PBXFileReference; lastKnownFileType = sourcecode.swift; path = "모험가길드.swift"; sourceTree = "<group>"; };
		B54E26192AD5AE2E00874FCE /* 만들 수 없는 금액(저울).swift */ = {isa = PBXFileReference; lastKnownFileType = sourcecode.swift; path = "만들 수 없는 금액(저울).swift"; sourceTree = "<group>"; };
		B54E261A2AD5AE2E00874FCE /* 4949_균형잡힌세상.swift */ = {isa = PBXFileReference; lastKnownFileType = sourcecode.swift; path = "4949_균형잡힌세상.swift"; sourceTree = "<group>"; };
		B54E261C2AD5AE2E00874FCE /* 블록 이동하기.swift */ = {isa = PBXFileReference; lastKnownFileType = sourcecode.swift; path = "블록 이동하기.swift"; sourceTree = "<group>"; };
		B54E261D2AD5AE2E00874FCE /* 연구소.swift */ = {isa = PBXFileReference; lastKnownFileType = sourcecode.swift; path = "연구소.swift"; sourceTree = "<group>"; };
		B54E261E2AD5AE2E00874FCE /* 특정거리의 도시찾기.swift */ = {isa = PBXFileReference; lastKnownFileType = sourcecode.swift; path = "특정거리의 도시찾기.swift"; sourceTree = "<group>"; };
		B54E261F2AD5AE2E00874FCE /* Baaaaaaaaaduk2 (Easy).swift */ = {isa = PBXFileReference; lastKnownFileType = sourcecode.swift; path = "Baaaaaaaaaduk2 (Easy).swift"; sourceTree = "<group>"; };
		B54E26202AD5AE2E00874FCE /* 인구 이동.swift */ = {isa = PBXFileReference; lastKnownFileType = sourcecode.swift; path = "인구 이동.swift"; sourceTree = "<group>"; };
		B54E26212AD5AE2E00874FCE /* 경쟁적 전염-test.swift */ = {isa = PBXFileReference; lastKnownFileType = sourcecode.swift; path = "경쟁적 전염-test.swift"; sourceTree = "<group>"; };
		B54E26222AD5AE2E00874FCE /* 아기상어(-ing).swift */ = {isa = PBXFileReference; lastKnownFileType = sourcecode.swift; path = "아기상어(-ing).swift"; sourceTree = "<group>"; };
		B54E26232AD5AE2E00874FCE /* 감시 피하기.swift */ = {isa = PBXFileReference; lastKnownFileType = sourcecode.swift; path = "감시 피하기.swift"; sourceTree = "<group>"; };
		B54E26242AD5AE2E00874FCE /* 경쟁적 전염.swift */ = {isa = PBXFileReference; lastKnownFileType = sourcecode.swift; path = "경쟁적 전염.swift"; sourceTree = "<group>"; };
		B54E26252AD5AE2E00874FCE /* 불!.swift */ = {isa = PBXFileReference; lastKnownFileType = sourcecode.swift; path = "불!.swift"; sourceTree = "<group>"; };
		B54E26262AD5AE2E00874FCE /* 연산자 끼워넣기.swift */ = {isa = PBXFileReference; lastKnownFileType = sourcecode.swift; path = "연산자 끼워넣기.swift"; sourceTree = "<group>"; };
		B54E26272AD5AE2E00874FCE /* 괄호 변환.swift */ = {isa = PBXFileReference; lastKnownFileType = sourcecode.swift; path = "괄호 변환.swift"; sourceTree = "<group>"; };
		B54E26282AD5AE2E00874FCE /* 2217_로프.swift */ = {isa = PBXFileReference; lastKnownFileType = sourcecode.swift; path = "2217_로프.swift"; sourceTree = "<group>"; };
		B54E26292AD5AE2E00874FCE /* 로프.swift */ = {isa = PBXFileReference; lastKnownFileType = sourcecode.swift; path = "로프.swift"; sourceTree = "<group>"; };
		B54E262C2AD5AE2E00874FCE /* 가장먼노드.swift */ = {isa = PBXFileReference; lastKnownFileType = sourcecode.swift; path = "가장먼노드.swift"; sourceTree = "<group>"; };
		B54E262D2AD5AE2E00874FCE /* 디스크컨트롤러.swift */ = {isa = PBXFileReference; lastKnownFileType = sourcecode.swift; path = "디스크컨트롤러.swift"; sourceTree = "<group>"; };
		B54E262E2AD5AE2E00874FCE /* 퍼즐조각맞추기(-ing).swift */ = {isa = PBXFileReference; lastKnownFileType = sourcecode.swift; path = "퍼즐조각맞추기(-ing).swift"; sourceTree = "<group>"; };
		B54E26302AD5AE2E00874FCE /* JadenCase 문자열 만들기.swift */ = {isa = PBXFileReference; lastKnownFileType = sourcecode.swift; path = "JadenCase 문자열 만들기.swift"; sourceTree = "<group>"; };
		B54E26312AD5AE2E00874FCE /* 여행경로.swift */ = {isa = PBXFileReference; lastKnownFileType = sourcecode.swift; path = "여행경로.swift"; sourceTree = "<group>"; };
		B54E26322AD5AE2E00874FCE /* 조이스틱.swift */ = {isa = PBXFileReference; lastKnownFileType = sourcecode.swift; path = "조이스틱.swift"; sourceTree = "<group>"; };
		B54E26332AD5AE2E00874FCE /* 86971_전력망둘로나누기.swift */ = {isa = PBXFileReference; lastKnownFileType = sourcecode.swift; path = "86971_전력망둘로나누기.swift"; sourceTree = "<group>"; };
		B54E26342AD5AE2E00874FCE /* 양궁대회.swift */ = {isa = PBXFileReference; lastKnownFileType = sourcecode.swift; path = "양궁대회.swift"; sourceTree = "<group>"; };
		B54E26352AD5AE2E00874FCE /* 짝지어 제거하기.swift */ = {isa = PBXFileReference; lastKnownFileType = sourcecode.swift; path = "짝지어 제거하기.swift"; sourceTree = "<group>"; };
		B54E26362AD5AE2E00874FCE /* N개의 최소공배수.swift */ = {isa = PBXFileReference; lastKnownFileType = sourcecode.swift; path = "N개의 최소공배수.swift"; sourceTree = "<group>"; };
		B54E26372AD5AE2E00874FCE /* N-Queen.swift */ = {isa = PBXFileReference; lastKnownFileType = sourcecode.swift; path = "N-Queen.swift"; sourceTree = "<group>"; };
		B54E26382AD5AE2E00874FCE /* 소수찾기.swift */ = {isa = PBXFileReference; lastKnownFileType = sourcecode.swift; path = "소수찾기.swift"; sourceTree = "<group>"; };
		B54E26392AD5AE2E00874FCE /* 소수찾기-두번째풀이.swift */ = {isa = PBXFileReference; lastKnownFileType = sourcecode.swift; path = "소수찾기-두번째풀이.swift"; sourceTree = "<group>"; };
		B54E263A2AD5AE2E00874FCE /* 게임맵최단거리-py.swift */ = {isa = PBXFileReference; lastKnownFileType = sourcecode.swift; path = "게임맵최단거리-py.swift"; sourceTree = "<group>"; };
		B54E263B2AD5AE2E00874FCE /* 큰수만들기.swift */ = {isa = PBXFileReference; lastKnownFileType = sourcecode.swift; path = "큰수만들기.swift"; sourceTree = "<group>"; };
		B54E263C2AD5AE2E00874FCE /* 정수 삼각형-py.swift */ = {isa = PBXFileReference; lastKnownFileType = sourcecode.swift; path = "정수 삼각형-py.swift"; sourceTree = "<group>"; };
		B54E263D2AD5AE2E00874FCE /* 행렬의 곱셈.swift */ = {isa = PBXFileReference; lastKnownFileType = sourcecode.swift; path = "행렬의 곱셈.swift"; sourceTree = "<group>"; };
		B54E263F2AD5AE2E00874FCE /* 숫자 문자열과 영단어.swift */ = {isa = PBXFileReference; lastKnownFileType = sourcecode.swift; path = "숫자 문자열과 영단어.swift"; sourceTree = "<group>"; };
		B54E26402AD5AE2E00874FCE /* 자연수 뒤집어 배열로 만들기.swift */ = {isa = PBXFileReference; lastKnownFileType = sourcecode.swift; path = "자연수 뒤집어 배열로 만들기.swift"; sourceTree = "<group>"; };
		B54E26412AD5AE2E00874FCE /* 크레인 인형뽑기.swift */ = {isa = PBXFileReference; lastKnownFileType = sourcecode.swift; path = "크레인 인형뽑기.swift"; sourceTree = "<group>"; };
		B54E26422AD5AE2E00874FCE /* 문자열 내 p와 y의 개수.swift */ = {isa = PBXFileReference; lastKnownFileType = sourcecode.swift; path = "문자열 내 p와 y의 개수.swift"; sourceTree = "<group>"; };
		B54E26432AD5AE2E00874FCE /* 약수의합.swift */ = {isa = PBXFileReference; lastKnownFileType = sourcecode.swift; path = "약수의합.swift"; sourceTree = "<group>"; };
		B54E26442AD5AE2E00874FCE /* 신고결과받기.swift */ = {isa = PBXFileReference; lastKnownFileType = sourcecode.swift; path = "신고결과받기.swift"; sourceTree = "<group>"; };
		B54E26452AD5AE2E00874FCE /* K번째수.swift */ = {isa = PBXFileReference; lastKnownFileType = sourcecode.swift; path = "K번째수.swift"; sourceTree = "<group>"; };
		B54E26462AD5AE2E00874FCE /* 가운데글자 가져오기.swift */ = {isa = PBXFileReference; lastKnownFileType = sourcecode.swift; path = "가운데글자 가져오기.swift"; sourceTree = "<group>"; };
		B54E26472AD5AE2E00874FCE /* 수박수박수박수.swift */ = {isa = PBXFileReference; lastKnownFileType = sourcecode.swift; path = "수박수박수박수.swift"; sourceTree = "<group>"; };
		B54E26482AD5AE2E00874FCE /* 서울에서 김서방 찾기.swift */ = {isa = PBXFileReference; lastKnownFileType = sourcecode.swift; path = "서울에서 김서방 찾기.swift"; sourceTree = "<group>"; };
		B54E26492AD5AE2E00874FCE /* 음양더하기.swift */ = {isa = PBXFileReference; lastKnownFileType = sourcecode.swift; path = "음양더하기.swift"; sourceTree = "<group>"; };
		B54E264A2AD5AE2E00874FCE /* 두개뽑아서 더하기.swift */ = {isa = PBXFileReference; lastKnownFileType = sourcecode.swift; path = "두개뽑아서 더하기.swift"; sourceTree = "<group>"; };
		B54E264B2AD5AE2E00874FCE /* 소수 찾기.swift */ = {isa = PBXFileReference; lastKnownFileType = sourcecode.swift; path = "소수 찾기.swift"; sourceTree = "<group>"; };
		B54E264C2AD5AE2E00874FCE /* 다트게임-2.swift */ = {isa = PBXFileReference; lastKnownFileType = sourcecode.swift; path = "다트게임-2.swift"; sourceTree = "<group>"; };
		B54E264D2AD5AE2E00874FCE /* 키패드 누르기.swift */ = {isa = PBXFileReference; lastKnownFileType = sourcecode.swift; path = "키패드 누르기.swift"; sourceTree = "<group>"; };
		B54E264E2AD5AE2E00874FCE /* 이상한 문자 만들기.swift */ = {isa = PBXFileReference; lastKnownFileType = sourcecode.swift; path = "이상한 문자 만들기.swift"; sourceTree = "<group>"; };
		B54E264F2AD5AE2E00874FCE /* 부족한 금액 계산하기.swift */ = {isa = PBXFileReference; lastKnownFileType = sourcecode.swift; path = "부족한 금액 계산하기.swift"; sourceTree = "<group>"; };
		B54E26502AD5AE2E00874FCE /* 콜라츠 추측.swift */ = {isa = PBXFileReference; lastKnownFileType = sourcecode.swift; path = "콜라츠 추측.swift"; sourceTree = "<group>"; };
		B54E26512AD5AE2E00874FCE /* 제일 작은 수 제거하기.swift */ = {isa = PBXFileReference; lastKnownFileType = sourcecode.swift; path = "제일 작은 수 제거하기.swift"; sourceTree = "<group>"; };
		B54E26522AD5AE2E00874FCE /* 자릿수 더하기.swift */ = {isa = PBXFileReference; lastKnownFileType = sourcecode.swift; path = "자릿수 더하기.swift"; sourceTree = "<group>"; };
		B54E26532AD5AE2E00874FCE /* 뉴스 클러스터링.swift */ = {isa = PBXFileReference; lastKnownFileType = sourcecode.swift; path = "뉴스 클러스터링.swift"; sourceTree = "<group>"; };
		B54E26542AD5AE2E00874FCE /* 정수 내림차순으로 배치하기.swift */ = {isa = PBXFileReference; lastKnownFileType = sourcecode.swift; path = "정수 내림차순으로 배치하기.swift"; sourceTree = "<group>"; };
		B54E26552AD5AE2E00874FCE /* 체육복.swift */ = {isa = PBXFileReference; lastKnownFileType = sourcecode.swift; path = "체육복.swift"; sourceTree = "<group>"; };
		B54E26562AD5AE2E00874FCE /* 하샤드 수.swift */ = {isa = PBXFileReference; lastKnownFileType = sourcecode.swift; path = "하샤드 수.swift"; sourceTree = "<group>"; };
		B54E26572AD5AE2E00874FCE /* 문자열 내림차순으로 배치하기.swift */ = {isa = PBXFileReference; lastKnownFileType = sourcecode.swift; path = "문자열 내림차순으로 배치하기.swift"; sourceTree = "<group>"; };
		B54E26582AD5AE2E00874FCE /* 3진법 뒤집기.swift */ = {isa = PBXFileReference; lastKnownFileType = sourcecode.swift; path = "3진법 뒤집기.swift"; sourceTree = "<group>"; };
		B54E26592AD5AE2E00874FCE /* 완주하지못한선수(Python).swift */ = {isa = PBXFileReference; lastKnownFileType = sourcecode.swift; path = "완주하지못한선수(Python).swift"; sourceTree = "<group>"; };
		B54E265A2AD5AE2E00874FCE /* 소수만들기.swift */ = {isa = PBXFileReference; lastKnownFileType = sourcecode.swift; path = "소수만들기.swift"; sourceTree = "<group>"; };
		B54E265B2AD5AE2E00874FCE /* 없는숫자 더하기.swift */ = {isa = PBXFileReference; lastKnownFileType = sourcecode.swift; path = "없는숫자 더하기.swift"; sourceTree = "<group>"; };
		B54E265C2AD5AE2E00874FCE /* 문자열 다루기 기본.swift */ = {isa = PBXFileReference; lastKnownFileType = sourcecode.swift; path = "문자열 다루기 기본.swift"; sourceTree = "<group>"; };
		B54E265D2AD5AE2E00874FCE /* 로또의 최고순위와 최저순위.swift */ = {isa = PBXFileReference; lastKnownFileType = sourcecode.swift; path = "로또의 최고순위와 최저순위.swift"; sourceTree = "<group>"; };
		B54E265E2AD5AE2E00874FCE /* 짝수와 홀수.swift */ = {isa = PBXFileReference; lastKnownFileType = sourcecode.swift; path = "짝수와 홀수.swift"; sourceTree = "<group>"; };
		B54E265F2AD5AE2E00874FCE /* 시저 암호.swift */ = {isa = PBXFileReference; lastKnownFileType = sourcecode.swift; path = "시저 암호.swift"; sourceTree = "<group>"; };
		B54E26602AD5AE2E00874FCE /* 성격 유형 검사하기.swift */ = {isa = PBXFileReference; lastKnownFileType = sourcecode.swift; path = "성격 유형 검사하기.swift"; sourceTree = "<group>"; };
		B54E26612AD5AE2E00874FCE /* 예산.swift */ = {isa = PBXFileReference; lastKnownFileType = sourcecode.swift; path = "예산.swift"; sourceTree = "<group>"; };
		B54E26622AD5AE2E00874FCE /* 핸드폰 번호 가리기.swift */ = {isa = PBXFileReference; lastKnownFileType = sourcecode.swift; path = "핸드폰 번호 가리기.swift"; sourceTree = "<group>"; };
		B54E26632AD5AE2E00874FCE /* 최대공약수와 최소공배수.swift */ = {isa = PBXFileReference; lastKnownFileType = sourcecode.swift; path = "최대공약수와 최소공배수.swift"; sourceTree = "<group>"; };
		B54E26642AD5AE2E00874FCE /* 직사각형 별찍기.swift */ = {isa = PBXFileReference; lastKnownFileType = sourcecode.swift; path = "직사각형 별찍기.swift"; sourceTree = "<group>"; };
		B54E26652AD5AE2E00874FCE /* 신규 아이디 추천.swift */ = {isa = PBXFileReference; lastKnownFileType = sourcecode.swift; path = "신규 아이디 추천.swift"; sourceTree = "<group>"; };
		B54E26662AD5AE2E00874FCE /* 문자열 마음대로 정렬.swift */ = {isa = PBXFileReference; lastKnownFileType = sourcecode.swift; path = "문자열 마음대로 정렬.swift"; sourceTree = "<group>"; };
		B54E26672AD5AE2E00874FCE /* 최소직사각형.swift */ = {isa = PBXFileReference; lastKnownFileType = sourcecode.swift; path = "최소직사각형.swift"; sourceTree = "<group>"; };
		B54E26682AD5AE2E00874FCE /* 정수 제곱근 판별.swift */ = {isa = PBXFileReference; lastKnownFileType = sourcecode.swift; path = "정수 제곱근 판별.swift"; sourceTree = "<group>"; };
		B54E26692AD5AE2E00874FCE /* 실패율.swift */ = {isa = PBXFileReference; lastKnownFileType = sourcecode.swift; path = "실패율.swift"; sourceTree = "<group>"; };
		B54E266A2AD5AE2E00874FCE /* 다트 게임.swift */ = {isa = PBXFileReference; lastKnownFileType = sourcecode.swift; path = "다트 게임.swift"; sourceTree = "<group>"; };
		B54E266B2AD5AE2E00874FCE /* x만큼 간격이 있는 n개의 숫자.swift */ = {isa = PBXFileReference; lastKnownFileType = sourcecode.swift; path = "x만큼 간격이 있는 n개의 숫자.swift"; sourceTree = "<group>"; };
		B54E266C2AD5AE2E00874FCE /* 평균 구하기.swift */ = {isa = PBXFileReference; lastKnownFileType = sourcecode.swift; path = "평균 구하기.swift"; sourceTree = "<group>"; };
		B54E266D2AD5AE2E00874FCE /* 문자열을 정수로 바꾸기.swift */ = {isa = PBXFileReference; lastKnownFileType = sourcecode.swift; path = "문자열을 정수로 바꾸기.swift"; sourceTree = "<group>"; };
		B54E266E2AD5AE2E00874FCE /* 내적.swift */ = {isa = PBXFileReference; lastKnownFileType = sourcecode.swift; path = "내적.swift"; sourceTree = "<group>"; };
		B54E266F2AD5AE2E00874FCE /* 약수의 개수와 덧셈.swift */ = {isa = PBXFileReference; lastKnownFileType = sourcecode.swift; path = "약수의 개수와 덧셈.swift"; sourceTree = "<group>"; };
		B54E26702AD5AE2E00874FCE /* 비밀지도.swift */ = {isa = PBXFileReference; lastKnownFileType = sourcecode.swift; path = "비밀지도.swift"; sourceTree = "<group>"; };
		B54E26712AD5AE2E00874FCE /* 나누어떨어지는 숫자 배열.swift */ = {isa = PBXFileReference; lastKnownFileType = sourcecode.swift; path = "나누어떨어지는 숫자 배열.swift"; sourceTree = "<group>"; };
		B54E26722AD5AE2E00874FCE /* 모의고사.swift */ = {isa = PBXFileReference; lastKnownFileType = sourcecode.swift; path = "모의고사.swift"; sourceTree = "<group>"; };
		B54E26732AD5AE2E00874FCE /* 두 정수 사이의 합.swift */ = {isa = PBXFileReference; lastKnownFileType = sourcecode.swift; path = "두 정수 사이의 합.swift"; sourceTree = "<group>"; };
		B54E26742AD5AE2E00874FCE /* 행렬의 덧셈.swift */ = {isa = PBXFileReference; lastKnownFileType = sourcecode.swift; path = "행렬의 덧셈.swift"; sourceTree = "<group>"; };
		B54E26752AD5AE2E00874FCE /* 나머지가 1이되는 수 찾기.swift */ = {isa = PBXFileReference; lastKnownFileType = sourcecode.swift; path = "나머지가 1이되는 수 찾기.swift"; sourceTree = "<group>"; };
		B54E26762AD5AE2E00874FCE /* 2016년.swift */ = {isa = PBXFileReference; lastKnownFileType = sourcecode.swift; path = "2016년.swift"; sourceTree = "<group>"; };
		B54E26772AD5AE2E00874FCE /* 1931_회의실배정.swift */ = {isa = PBXFileReference; lastKnownFileType = sourcecode.swift; path = "1931_회의실배정.swift"; sourceTree = "<group>"; };
		B54E26792AD5AE2E00874FCE /* 바닥공사.swift */ = {isa = PBXFileReference; lastKnownFileType = sourcecode.swift; path = "바닥공사.swift"; sourceTree = "<group>"; };
		B54E267A2AD5AE2E00874FCE /* 정수삼각형.swift */ = {isa = PBXFileReference; lastKnownFileType = sourcecode.swift; path = "정수삼각형.swift"; sourceTree = "<group>"; };
		B54E267B2AD5AE2E00874FCE /* 스티커.swift */ = {isa = PBXFileReference; lastKnownFileType = sourcecode.swift; path = "스티커.swift"; sourceTree = "<group>"; };
		B54E267C2AD5AE2E00874FCE /* 개미 전사.swift */ = {isa = PBXFileReference; lastKnownFileType = sourcecode.swift; path = "개미 전사.swift"; sourceTree = "<group>"; };
		B54E267D2AD5AE2E00874FCE /* 효율적인 화폐 구성.swift */ = {isa = PBXFileReference; lastKnownFileType = sourcecode.swift; path = "효율적인 화폐 구성.swift"; sourceTree = "<group>"; };
		B54E267E2AD5AE2E00874FCE /* 퇴사.swift */ = {isa = PBXFileReference; lastKnownFileType = sourcecode.swift; path = "퇴사.swift"; sourceTree = "<group>"; };
		B54E267F2AD5AE2E00874FCE /* 계단오르기.swift */ = {isa = PBXFileReference; lastKnownFileType = sourcecode.swift; path = "계단오르기.swift"; sourceTree = "<group>"; };
		B54E26802AD5AE2E00874FCE /* 1로 만들기.swift */ = {isa = PBXFileReference; lastKnownFileType = sourcecode.swift; path = "1로 만들기.swift"; sourceTree = "<group>"; };
		B54E26812AD5AE2E00874FCE /* 다리 놓기.swift */ = {isa = PBXFileReference; lastKnownFileType = sourcecode.swift; path = "다리 놓기.swift"; sourceTree = "<group>"; };
		B54E26832AD5AE2E00874FCE /* 안테나.swift */ = {isa = PBXFileReference; lastKnownFileType = sourcecode.swift; path = "안테나.swift"; sourceTree = "<group>"; };
		B54E26842AD5AE2E00874FCE /* 카드 정렬하기.swift */ = {isa = PBXFileReference; lastKnownFileType = sourcecode.swift; path = "카드 정렬하기.swift"; sourceTree = "<group>"; };
		B54E26852AD5AE2E00874FCE /* 버블정렬.swift */ = {isa = PBXFileReference; lastKnownFileType = sourcecode.swift; path = "버블정렬.swift"; sourceTree = "<group>"; };
		B54E26862AD5AE2E00874FCE /* 두 배열의 원소 교체.swift */ = {isa = PBXFileReference; lastKnownFileType = sourcecode.swift; path = "두 배열의 원소 교체.swift"; sourceTree = "<group>"; };
		B54E26872AD5AE2E00874FCE /* 위에서 아래로.swift */ = {isa = PBXFileReference; lastKnownFileType = sourcecode.swift; path = "위에서 아래로.swift"; sourceTree = "<group>"; };
		B54E26882AD5AE2E00874FCE /* 국영수.swift */ = {isa = PBXFileReference; lastKnownFileType = sourcecode.swift; path = "국영수.swift"; sourceTree = "<group>"; };
		B54E26892AD5AE2E00874FCE /* 성적이 낮은 순서.swift */ = {isa = PBXFileReference; lastKnownFileType = sourcecode.swift; path = "성적이 낮은 순서.swift"; sourceTree = "<group>"; };
		B54E268A2AD5AE2E00874FCE /* 최대힙.swift */ = {isa = PBXFileReference; lastKnownFileType = sourcecode.swift; path = "최대힙.swift"; sourceTree = "<group>"; };
		B54E268B2AD5AE2E00874FCE /* 삽입정렬.swift */ = {isa = PBXFileReference; lastKnownFileType = sourcecode.swift; path = "삽입정렬.swift"; sourceTree = "<group>"; };
		B54E268C2AD5AE2E00874FCE /* 실패율.swift */ = {isa = PBXFileReference; lastKnownFileType = sourcecode.swift; path = "실패율.swift"; sourceTree = "<group>"; };
		B54E268D2AD5AE2E00874FCE /* 보물.swift */ = {isa = PBXFileReference; lastKnownFileType = sourcecode.swift; path = "보물.swift"; sourceTree = "<group>"; };
		B54E268E2AD5AE2E00874FCE /* 1789_수들의 합.swift */ = {isa = PBXFileReference; lastKnownFileType = sourcecode.swift; path = "1789_수들의 합.swift"; sourceTree = "<group>"; };
		B54E268F2AD5AE2E00874FCE /* 2156_포도주시식.swift */ = {isa = PBXFileReference; lastKnownFileType = sourcecode.swift; path = "2156_포도주시식.swift"; sourceTree = "<group>"; };
		B54E26902AD5AEB400874FCE /* 설탕배달.swift */ = {isa = PBXFileReference; lastKnownFileType = sourcecode.swift; path = "설탕배달.swift"; sourceTree = "<group>"; };
/* End PBXFileReference section */

/* Begin PBXFrameworksBuildPhase section */
		B51FDFD528214EC000ED0429 /* Frameworks */ = {
			isa = PBXFrameworksBuildPhase;
			buildActionMask = 2147483647;
			files = (
			);
			runOnlyForDeploymentPostprocessing = 0;
		};
/* End PBXFrameworksBuildPhase section */

/* Begin PBXGroup section */
		B51FDFCF28214EC000ED0429 = {
			isa = PBXGroup;
			children = (
				B54E25BF2AD5AE2E00874FCE /* algo */,
				B51FDFD928214EC000ED0429 /* Products */,
			);
			sourceTree = "<group>";
		};
		B51FDFD928214EC000ED0429 /* Products */ = {
			isa = PBXGroup;
			children = (
				B51FDFD828214EC000ED0429 /* algo */,
			);
			name = Products;
			sourceTree = "<group>";
		};
		B54E25BF2AD5AE2E00874FCE /* algo */ = {
			isa = PBXGroup;
			children = (
				B54E25C02AD5AE2E00874FCE /* 구현 */,
				B54E25D42AD5AE2E00874FCE /* 5585_거스름돈.swift */,
				B54E25D52AD5AE2E00874FCE /* 2839_설탕 배달.swift */,
				B54E25D62AD5AE2E00874FCE /* goorm */,
				B54E25DB2AD5AE2E00874FCE /* 개념 */,
				B54E25E22AD5AE2E00874FCE /* 이분탐색 */,
				B54E25E92AD5AE2E00874FCE /* 1543_문서 검색.swift */,
				B54E25EA2AD5AE2E00874FCE /* 1026_보물.swift */,
				B54E25EB2AD5AE2E00874FCE /* 11047_동전0.swift */,
				B54E25EC2AD5AE2E00874FCE /* 회의실 배정.swift */,
				B54E25ED2AD5AE2E00874FCE /* 자료구조 */,
				B54E26132AD5AE2E00874FCE /* 그리디 */,
				B54E261A2AD5AE2E00874FCE /* 4949_균형잡힌세상.swift */,
				B54E261B2AD5AE2E00874FCE /* DFS_BFS */,
				B54E26282AD5AE2E00874FCE /* 2217_로프.swift */,
				B54E26292AD5AE2E00874FCE /* 로프.swift */,
				B54E262A2AD5AE2E00874FCE /* 프로그래머스 */,
				B54E26772AD5AE2E00874FCE /* 1931_회의실배정.swift */,
				B54E26782AD5AE2E00874FCE /* DP */,
				B54E26822AD5AE2E00874FCE /* 정렬 */,
				B54E268D2AD5AE2E00874FCE /* 보물.swift */,
				B54E268E2AD5AE2E00874FCE /* 1789_수들의 합.swift */,
				B54E268F2AD5AE2E00874FCE /* 2156_포도주시식.swift */,
			);
			path = algo;
			sourceTree = "<group>";
		};
		B54E25C02AD5AE2E00874FCE /* 구현 */ = {
			isa = PBXGroup;
			children = (
				B54E25C12AD5AE2E00874FCE /* 왕실의 나이트.swift */,
				B54E25C22AD5AE2E00874FCE /* 문자열 압축.swift */,
				B54E25C32AD5AE2E00874FCE /* 문자열 재정렬.swift */,
				B54E25C42AD5AE2E00874FCE /* 감시-retry.swift */,
				B54E25C52AD5AE2E00874FCE /* 게임 개발.swift */,
				B54E25C62AD5AE2E00874FCE /* 기둥과보-test.swift */,
				B54E25C72AD5AE2E00874FCE /* 럭키 스트레이트.swift */,
				B54E25C82AD5AE2E00874FCE /* 2941_크로아티아 알파벳.swift */,
				B54E25C92AD5AE2E00874FCE /* 자물쇠와 열쇠.swift */,
				B54E25CA2AD5AE2E00874FCE /* 퍼즐조각맞추기.swift */,
				B54E25CB2AD5AE2E00874FCE /* 기둥과보.swift */,
				B54E25CC2AD5AE2E00874FCE /* 외벽점검.swift */,
				B54E25CD2AD5AE2E00874FCE /* 14891_톱니바퀴.swift */,
				B54E25CE2AD5AE2E00874FCE /* 뱀.swift */,
				B54E25CF2AD5AE2E00874FCE /* 스티커 붙이기.swift */,
				B54E25D02AD5AE2E00874FCE /* 1769_3의배수.swift */,
				B54E25D12AD5AE2E00874FCE /* 18312_시각.swift */,
				B54E25D22AD5AE2E00874FCE /* 감시(2).swift */,
				B54E25D32AD5AE2E00874FCE /* 치킨배달.swift */,
			);
			path = "구현";
			sourceTree = "<group>";
		};
		B54E25D62AD5AE2E00874FCE /* goorm */ = {
			isa = PBXGroup;
			children = (
				B54E25D72AD5AE2E00874FCE /* 경로의개수.swift */,
				B54E25D82AD5AE2E00874FCE /* 동명이인.swift */,
				B54E25D92AD5AE2E00874FCE /* 구름소수찾기.swift */,
				B54E25DA2AD5AE2E00874FCE /* 최장 맨해튼 거리.swift */,
			);
			path = goorm;
			sourceTree = "<group>";
		};
		B54E25DB2AD5AE2E00874FCE /* 개념 */ = {
			isa = PBXGroup;
			children = (
				B54E25DC2AD5AE2E00874FCE /* DFS.swift */,
				B54E25DD2AD5AE2E00874FCE /* 조합.swift */,
				B54E25DE2AD5AE2E00874FCE /* 정렬.swift */,
				B54E25DF2AD5AE2E00874FCE /* 이진탐색.swift */,
				B54E25E02AD5AE2E00874FCE /* 순열.swift */,
				B54E25E12AD5AE2E00874FCE /* BFS.swift */,
			);
			path = "개념";
			sourceTree = "<group>";
		};
		B54E25E22AD5AE2E00874FCE /* 이분탐색 */ = {
			isa = PBXGroup;
			children = (
				B54E25E32AD5AE2E00874FCE /* 부품찾기.swift */,
				B54E25E42AD5AE2E00874FCE /* 정렬된 배열에서 특정 수의 개수 구하기.swift */,
				B54E25E52AD5AE2E00874FCE /* 고정점 찾기.swift */,
				B54E25E62AD5AE2E00874FCE /* 떡볶이 떡 만들기.swift */,
				B54E25E72AD5AE2E00874FCE /* 공유기 설치.swift */,
				B54E25E82AD5AE2E00874FCE /* 가사검색.swift */,
			);
			path = "이분탐색";
			sourceTree = "<group>";
		};
		B54E25ED2AD5AE2E00874FCE /* 자료구조 */ = {
			isa = PBXGroup;
			children = (
				B54E25EE2AD5AE2E00874FCE /* Graph */,
				B54E25FA2AD5AE2E00874FCE /* List */,
				B54E26012AD5AE2E00874FCE /* Queue */,
				B54E26092AD5AE2E00874FCE /* Queue-TwoArray.swift */,
				B54E260A2AD5AE2E00874FCE /* Stack */,
				B54E260E2AD5AE2E00874FCE /* BST */,
			);
			path = "자료구조";
			sourceTree = "<group>";
		};
		B54E25EE2AD5AE2E00874FCE /* Graph */ = {
			isa = PBXGroup;
			children = (
				B54E25EF2AD5AE2E00874FCE /* 1012_유기농배추.swift */,
				B54E25F02AD5AE2E00874FCE /* 14888_연산자 끼워넣기.swift */,
				B54E25F12AD5AE2E00874FCE /* 1753_최단경로(다익).swift */,
				B54E25F22AD5AE2E00874FCE /* 1182_부분수열의합.swift */,
				B54E25F32AD5AE2E00874FCE /* 2606_바이러스.swift */,
				B54E25F42AD5AE2E00874FCE /* 11724_연결요소의 개수.swift */,
				B54E25F52AD5AE2E00874FCE /* 2178_미로탐색.swift */,
				B54E25F62AD5AE2E00874FCE /* 14940_쉬운 최단거리.swift */,
				B54E25F72AD5AE2E00874FCE /* 15649_N과M.swift */,
				B54E25F82AD5AE2E00874FCE /* 2644_촌수계산.swift */,
				B54E25F92AD5AE2E00874FCE /* 4673_셀프넘버.swift */,
			);
			path = Graph;
			sourceTree = "<group>";
		};
		B54E25FA2AD5AE2E00874FCE /* List */ = {
			isa = PBXGroup;
			children = (
				B54E25FB2AD5AE2E00874FCE /* DLinkedList.swift */,
				B54E25FC2AD5AE2E00874FCE /* 1021_회전하는큐.swift */,
				B54E25FD2AD5AE2E00874FCE /* CircularLinkedList.swift */,
				B54E25FE2AD5AE2E00874FCE /* ListProtocol.swift */,
				B54E25FF2AD5AE2E00874FCE /* Node.swift */,
				B54E26002AD5AE2E00874FCE /* LinkedList.swift */,
			);
			path = List;
			sourceTree = "<group>";
		};
		B54E26012AD5AE2E00874FCE /* Queue */ = {
			isa = PBXGroup;
			children = (
				B54E26022AD5AE2E00874FCE /* Circular Queue.swift */,
				B54E26032AD5AE2E00874FCE /* Heap(PriorityQueue).swift */,
				B54E26042AD5AE2E00874FCE /* Queue.swift */,
				B54E26052AD5AE2E00874FCE /* 10845_큐.swift */,
				B54E26062AD5AE2E00874FCE /* Heap.swift */,
				B54E26072AD5AE2E00874FCE /* 1927_최소힙.swift */,
				B54E26082AD5AE2E00874FCE /* Queue-LinkedList.swift */,
			);
			path = Queue;
			sourceTree = "<group>";
		};
		B54E260A2AD5AE2E00874FCE /* Stack */ = {
			isa = PBXGroup;
			children = (
				B54E260B2AD5AE2E00874FCE /* stack.swift */,
				B54E260C2AD5AE2E00874FCE /* stack-linkedlist.swift */,
				B54E260D2AD5AE2E00874FCE /* 10828_스택.swift */,
			);
			path = Stack;
			sourceTree = "<group>";
		};
		B54E260E2AD5AE2E00874FCE /* BST */ = {
			isa = PBXGroup;
			children = (
				B54E260F2AD5AE2E00874FCE /* BST.swift */,
				B54E26102AD5AE2E00874FCE /* BinarySearchTree.swift */,
				B54E26112AD5AE2E00874FCE /* 1991_트리 순회.swift */,
				B54E26122AD5AE2E00874FCE /* BST-Recur.swift */,
			);
			path = BST;
			sourceTree = "<group>";
		};
		B54E26132AD5AE2E00874FCE /* 그리디 */ = {
			isa = PBXGroup;
			children = (
				B54E26142AD5AE2E00874FCE /* 곱하기 혹은 더하기.swift */,
				B54E26152AD5AE2E00874FCE /* 문자열 뒤집기.swift */,
				B54E26162AD5AE2E00874FCE /* 볼링공 고르기.swift */,
				B54E26172AD5AE2E00874FCE /* 무지의 먹방 라이브.swift */,
				B54E26182AD5AE2E00874FCE /* 모험가길드.swift */,
				B54E26192AD5AE2E00874FCE /* 만들 수 없는 금액(저울).swift */,
			);
			path = "그리디";
			sourceTree = "<group>";
		};
		B54E261B2AD5AE2E00874FCE /* DFS_BFS */ = {
			isa = PBXGroup;
			children = (
				B54E261C2AD5AE2E00874FCE /* 블록 이동하기.swift */,
				B54E261D2AD5AE2E00874FCE /* 연구소.swift */,
				B54E261E2AD5AE2E00874FCE /* 특정거리의 도시찾기.swift */,
				B54E261F2AD5AE2E00874FCE /* Baaaaaaaaaduk2 (Easy).swift */,
				B54E26202AD5AE2E00874FCE /* 인구 이동.swift */,
				B54E26212AD5AE2E00874FCE /* 경쟁적 전염-test.swift */,
				B54E26222AD5AE2E00874FCE /* 아기상어(-ing).swift */,
				B54E26232AD5AE2E00874FCE /* 감시 피하기.swift */,
				B54E26242AD5AE2E00874FCE /* 경쟁적 전염.swift */,
				B54E26252AD5AE2E00874FCE /* 불!.swift */,
				B54E26262AD5AE2E00874FCE /* 연산자 끼워넣기.swift */,
				B54E26272AD5AE2E00874FCE /* 괄호 변환.swift */,
			);
			path = DFS_BFS;
			sourceTree = "<group>";
		};
		B54E262A2AD5AE2E00874FCE /* 프로그래머스 */ = {
			isa = PBXGroup;
			children = (
				B54E262B2AD5AE2E00874FCE /* Level3 */,
				B54E262F2AD5AE2E00874FCE /* Level2 */,
				B54E263E2AD5AE2E00874FCE /* Level1 */,
			);
			path = "프로그래머스";
			sourceTree = "<group>";
		};
		B54E262B2AD5AE2E00874FCE /* Level3 */ = {
			isa = PBXGroup;
			children = (
				B54E262C2AD5AE2E00874FCE /* 가장먼노드.swift */,
				B54E262D2AD5AE2E00874FCE /* 디스크컨트롤러.swift */,
				B54E262E2AD5AE2E00874FCE /* 퍼즐조각맞추기(-ing).swift */,
			);
			path = Level3;
			sourceTree = "<group>";
		};
		B54E262F2AD5AE2E00874FCE /* Level2 */ = {
			isa = PBXGroup;
			children = (
				B54E26302AD5AE2E00874FCE /* JadenCase 문자열 만들기.swift */,
				B54E26312AD5AE2E00874FCE /* 여행경로.swift */,
				B54E26322AD5AE2E00874FCE /* 조이스틱.swift */,
				B54E26332AD5AE2E00874FCE /* 86971_전력망둘로나누기.swift */,
				B54E26342AD5AE2E00874FCE /* 양궁대회.swift */,
				B54E26352AD5AE2E00874FCE /* 짝지어 제거하기.swift */,
				B54E26362AD5AE2E00874FCE /* N개의 최소공배수.swift */,
				B54E26372AD5AE2E00874FCE /* N-Queen.swift */,
				B54E26382AD5AE2E00874FCE /* 소수찾기.swift */,
				B54E26392AD5AE2E00874FCE /* 소수찾기-두번째풀이.swift */,
				B54E263A2AD5AE2E00874FCE /* 게임맵최단거리-py.swift */,
				B54E263B2AD5AE2E00874FCE /* 큰수만들기.swift */,
				B54E263C2AD5AE2E00874FCE /* 정수 삼각형-py.swift */,
				B54E263D2AD5AE2E00874FCE /* 행렬의 곱셈.swift */,
			);
			path = Level2;
			sourceTree = "<group>";
		};
		B54E263E2AD5AE2E00874FCE /* Level1 */ = {
			isa = PBXGroup;
			children = (
				B54E263F2AD5AE2E00874FCE /* 숫자 문자열과 영단어.swift */,
				B54E26402AD5AE2E00874FCE /* 자연수 뒤집어 배열로 만들기.swift */,
				B54E26412AD5AE2E00874FCE /* 크레인 인형뽑기.swift */,
				B54E26422AD5AE2E00874FCE /* 문자열 내 p와 y의 개수.swift */,
				B54E26432AD5AE2E00874FCE /* 약수의합.swift */,
				B54E26442AD5AE2E00874FCE /* 신고결과받기.swift */,
				B54E26452AD5AE2E00874FCE /* K번째수.swift */,
				B54E26462AD5AE2E00874FCE /* 가운데글자 가져오기.swift */,
				B54E26472AD5AE2E00874FCE /* 수박수박수박수.swift */,
				B54E26482AD5AE2E00874FCE /* 서울에서 김서방 찾기.swift */,
				B54E26492AD5AE2E00874FCE /* 음양더하기.swift */,
				B54E264A2AD5AE2E00874FCE /* 두개뽑아서 더하기.swift */,
				B54E264B2AD5AE2E00874FCE /* 소수 찾기.swift */,
				B54E264C2AD5AE2E00874FCE /* 다트게임-2.swift */,
				B54E264D2AD5AE2E00874FCE /* 키패드 누르기.swift */,
				B54E264E2AD5AE2E00874FCE /* 이상한 문자 만들기.swift */,
				B54E264F2AD5AE2E00874FCE /* 부족한 금액 계산하기.swift */,
				B54E26502AD5AE2E00874FCE /* 콜라츠 추측.swift */,
				B54E26512AD5AE2E00874FCE /* 제일 작은 수 제거하기.swift */,
				B54E26522AD5AE2E00874FCE /* 자릿수 더하기.swift */,
				B54E26532AD5AE2E00874FCE /* 뉴스 클러스터링.swift */,
				B54E26542AD5AE2E00874FCE /* 정수 내림차순으로 배치하기.swift */,
				B54E26552AD5AE2E00874FCE /* 체육복.swift */,
				B54E26562AD5AE2E00874FCE /* 하샤드 수.swift */,
				B54E26572AD5AE2E00874FCE /* 문자열 내림차순으로 배치하기.swift */,
				B54E26582AD5AE2E00874FCE /* 3진법 뒤집기.swift */,
				B54E26592AD5AE2E00874FCE /* 완주하지못한선수(Python).swift */,
				B54E265A2AD5AE2E00874FCE /* 소수만들기.swift */,
				B54E265B2AD5AE2E00874FCE /* 없는숫자 더하기.swift */,
				B54E265C2AD5AE2E00874FCE /* 문자열 다루기 기본.swift */,
				B54E265D2AD5AE2E00874FCE /* 로또의 최고순위와 최저순위.swift */,
				B54E265E2AD5AE2E00874FCE /* 짝수와 홀수.swift */,
				B54E265F2AD5AE2E00874FCE /* 시저 암호.swift */,
				B54E26602AD5AE2E00874FCE /* 성격 유형 검사하기.swift */,
				B54E26612AD5AE2E00874FCE /* 예산.swift */,
				B54E26622AD5AE2E00874FCE /* 핸드폰 번호 가리기.swift */,
				B54E26632AD5AE2E00874FCE /* 최대공약수와 최소공배수.swift */,
				B54E26642AD5AE2E00874FCE /* 직사각형 별찍기.swift */,
				B54E26652AD5AE2E00874FCE /* 신규 아이디 추천.swift */,
				B54E26662AD5AE2E00874FCE /* 문자열 마음대로 정렬.swift */,
				B54E26672AD5AE2E00874FCE /* 최소직사각형.swift */,
				B54E26682AD5AE2E00874FCE /* 정수 제곱근 판별.swift */,
				B54E26692AD5AE2E00874FCE /* 실패율.swift */,
				B54E266A2AD5AE2E00874FCE /* 다트 게임.swift */,
				B54E266B2AD5AE2E00874FCE /* x만큼 간격이 있는 n개의 숫자.swift */,
				B54E266C2AD5AE2E00874FCE /* 평균 구하기.swift */,
				B54E266D2AD5AE2E00874FCE /* 문자열을 정수로 바꾸기.swift */,
				B54E266E2AD5AE2E00874FCE /* 내적.swift */,
				B54E266F2AD5AE2E00874FCE /* 약수의 개수와 덧셈.swift */,
				B54E26702AD5AE2E00874FCE /* 비밀지도.swift */,
				B54E26712AD5AE2E00874FCE /* 나누어떨어지는 숫자 배열.swift */,
				B54E26722AD5AE2E00874FCE /* 모의고사.swift */,
				B54E26732AD5AE2E00874FCE /* 두 정수 사이의 합.swift */,
				B54E26742AD5AE2E00874FCE /* 행렬의 덧셈.swift */,
				B54E26752AD5AE2E00874FCE /* 나머지가 1이되는 수 찾기.swift */,
				B54E26762AD5AE2E00874FCE /* 2016년.swift */,
			);
			path = Level1;
			sourceTree = "<group>";
		};
		B54E26782AD5AE2E00874FCE /* DP */ = {
			isa = PBXGroup;
			children = (
				B54E26792AD5AE2E00874FCE /* 바닥공사.swift */,
				B54E267A2AD5AE2E00874FCE /* 정수삼각형.swift */,
				B54E267B2AD5AE2E00874FCE /* 스티커.swift */,
				B54E267C2AD5AE2E00874FCE /* 개미 전사.swift */,
				B54E267D2AD5AE2E00874FCE /* 효율적인 화폐 구성.swift */,
				B54E267E2AD5AE2E00874FCE /* 퇴사.swift */,
				B54E267F2AD5AE2E00874FCE /* 계단오르기.swift */,
				B54E26802AD5AE2E00874FCE /* 1로 만들기.swift */,
				B54E26812AD5AE2E00874FCE /* 다리 놓기.swift */,
				B54E26902AD5AEB400874FCE /* 설탕배달.swift */,
			);
			path = DP;
			sourceTree = "<group>";
		};
		B54E26822AD5AE2E00874FCE /* 정렬 */ = {
			isa = PBXGroup;
			children = (
				B54E26832AD5AE2E00874FCE /* 안테나.swift */,
				B54E26842AD5AE2E00874FCE /* 카드 정렬하기.swift */,
				B54E26852AD5AE2E00874FCE /* 버블정렬.swift */,
				B54E26862AD5AE2E00874FCE /* 두 배열의 원소 교체.swift */,
				B54E26872AD5AE2E00874FCE /* 위에서 아래로.swift */,
				B54E26882AD5AE2E00874FCE /* 국영수.swift */,
				B54E26892AD5AE2E00874FCE /* 성적이 낮은 순서.swift */,
				B54E268A2AD5AE2E00874FCE /* 최대힙.swift */,
				B54E268B2AD5AE2E00874FCE /* 삽입정렬.swift */,
				B54E268C2AD5AE2E00874FCE /* 실패율.swift */,
			);
			path = "정렬";
			sourceTree = "<group>";
		};
/* End PBXGroup section */

/* Begin PBXNativeTarget section */
		B51FDFD728214EC000ED0429 /* algo */ = {
			isa = PBXNativeTarget;
			buildConfigurationList = B51FDFDF28214EC000ED0429 /* Build configuration list for PBXNativeTarget "algo" */;
			buildPhases = (
				B51FDFD428214EC000ED0429 /* Sources */,
				B51FDFD528214EC000ED0429 /* Frameworks */,
				B51FDFD628214EC000ED0429 /* CopyFiles */,
			);
			buildRules = (
			);
			dependencies = (
			);
			name = algo;
			packageProductDependencies = (
			);
			productName = algo;
			productReference = B51FDFD828214EC000ED0429 /* algo */;
			productType = "com.apple.product-type.tool";
		};
/* End PBXNativeTarget section */

/* Begin PBXProject section */
		B51FDFD028214EC000ED0429 /* Project object */ = {
			isa = PBXProject;
			attributes = {
				BuildIndependentTargetsInParallel = 1;
				LastSwiftUpdateCheck = 1330;
				LastUpgradeCheck = 1400;
				TargetAttributes = {
					B51FDFD728214EC000ED0429 = {
						CreatedOnToolsVersion = 13.3.1;
						LastSwiftMigration = 1430;
					};
				};
			};
			buildConfigurationList = B51FDFD328214EC000ED0429 /* Build configuration list for PBXProject "algo" */;
			compatibilityVersion = "Xcode 13.0";
			developmentRegion = en;
			hasScannedForEncodings = 0;
			knownRegions = (
				en,
				Base,
			);
			mainGroup = B51FDFCF28214EC000ED0429;
			packageReferences = (
			);
			productRefGroup = B51FDFD928214EC000ED0429 /* Products */;
			projectDirPath = "";
			projectRoot = "";
			targets = (
				B51FDFD728214EC000ED0429 /* algo */,
			);
		};
/* End PBXProject section */

/* Begin PBXSourcesBuildPhase section */
		B51FDFD428214EC000ED0429 /* Sources */ = {
			isa = PBXSourcesBuildPhase;
			buildActionMask = 2147483647;
			files = (
			);
			runOnlyForDeploymentPostprocessing = 0;
		};
/* End PBXSourcesBuildPhase section */

/* Begin XCBuildConfiguration section */
		B51FDFDD28214EC000ED0429 /* Debug */ = {
			isa = XCBuildConfiguration;
			buildSettings = {
				ALWAYS_SEARCH_USER_PATHS = NO;
				CLANG_ANALYZER_NONNULL = YES;
				CLANG_ANALYZER_NUMBER_OBJECT_CONVERSION = YES_AGGRESSIVE;
				CLANG_CXX_LANGUAGE_STANDARD = "gnu++17";
				CLANG_ENABLE_MODULES = YES;
				CLANG_ENABLE_OBJC_ARC = YES;
				CLANG_ENABLE_OBJC_WEAK = YES;
				CLANG_WARN_BLOCK_CAPTURE_AUTORELEASING = YES;
				CLANG_WARN_BOOL_CONVERSION = YES;
				CLANG_WARN_COMMA = YES;
				CLANG_WARN_CONSTANT_CONVERSION = YES;
				CLANG_WARN_DEPRECATED_OBJC_IMPLEMENTATIONS = YES;
				CLANG_WARN_DIRECT_OBJC_ISA_USAGE = YES_ERROR;
				CLANG_WARN_DOCUMENTATION_COMMENTS = YES;
				CLANG_WARN_EMPTY_BODY = YES;
				CLANG_WARN_ENUM_CONVERSION = YES;
				CLANG_WARN_INFINITE_RECURSION = YES;
				CLANG_WARN_INT_CONVERSION = YES;
				CLANG_WARN_NON_LITERAL_NULL_CONVERSION = YES;
				CLANG_WARN_OBJC_IMPLICIT_RETAIN_SELF = YES;
				CLANG_WARN_OBJC_LITERAL_CONVERSION = YES;
				CLANG_WARN_OBJC_ROOT_CLASS = YES_ERROR;
				CLANG_WARN_QUOTED_INCLUDE_IN_FRAMEWORK_HEADER = YES;
				CLANG_WARN_RANGE_LOOP_ANALYSIS = YES;
				CLANG_WARN_STRICT_PROTOTYPES = YES;
				CLANG_WARN_SUSPICIOUS_MOVE = YES;
				CLANG_WARN_UNGUARDED_AVAILABILITY = YES_AGGRESSIVE;
				CLANG_WARN_UNREACHABLE_CODE = YES;
				CLANG_WARN__DUPLICATE_METHOD_MATCH = YES;
				COPY_PHASE_STRIP = NO;
				DEAD_CODE_STRIPPING = YES;
				DEBUG_INFORMATION_FORMAT = dwarf;
				ENABLE_STRICT_OBJC_MSGSEND = YES;
				ENABLE_TESTABILITY = YES;
				GCC_C_LANGUAGE_STANDARD = gnu11;
				GCC_DYNAMIC_NO_PIC = NO;
				GCC_NO_COMMON_BLOCKS = YES;
				GCC_OPTIMIZATION_LEVEL = 0;
				GCC_PREPROCESSOR_DEFINITIONS = (
					"DEBUG=1",
					"$(inherited)",
				);
				GCC_WARN_64_TO_32_BIT_CONVERSION = YES;
				GCC_WARN_ABOUT_RETURN_TYPE = YES_ERROR;
				GCC_WARN_UNDECLARED_SELECTOR = YES;
				GCC_WARN_UNINITIALIZED_AUTOS = YES_AGGRESSIVE;
				GCC_WARN_UNUSED_FUNCTION = YES;
				GCC_WARN_UNUSED_VARIABLE = YES;
				MACOSX_DEPLOYMENT_TARGET = 12.3;
				MTL_ENABLE_DEBUG_INFO = INCLUDE_SOURCE;
				MTL_FAST_MATH = YES;
				ONLY_ACTIVE_ARCH = YES;
				SDKROOT = macosx;
				SWIFT_ACTIVE_COMPILATION_CONDITIONS = DEBUG;
				SWIFT_OPTIMIZATION_LEVEL = "-Onone";
			};
			name = Debug;
		};
		B51FDFDE28214EC000ED0429 /* Release */ = {
			isa = XCBuildConfiguration;
			buildSettings = {
				ALWAYS_SEARCH_USER_PATHS = NO;
				CLANG_ANALYZER_NONNULL = YES;
				CLANG_ANALYZER_NUMBER_OBJECT_CONVERSION = YES_AGGRESSIVE;
				CLANG_CXX_LANGUAGE_STANDARD = "gnu++17";
				CLANG_ENABLE_MODULES = YES;
				CLANG_ENABLE_OBJC_ARC = YES;
				CLANG_ENABLE_OBJC_WEAK = YES;
				CLANG_WARN_BLOCK_CAPTURE_AUTORELEASING = YES;
				CLANG_WARN_BOOL_CONVERSION = YES;
				CLANG_WARN_COMMA = YES;
				CLANG_WARN_CONSTANT_CONVERSION = YES;
				CLANG_WARN_DEPRECATED_OBJC_IMPLEMENTATIONS = YES;
				CLANG_WARN_DIRECT_OBJC_ISA_USAGE = YES_ERROR;
				CLANG_WARN_DOCUMENTATION_COMMENTS = YES;
				CLANG_WARN_EMPTY_BODY = YES;
				CLANG_WARN_ENUM_CONVERSION = YES;
				CLANG_WARN_INFINITE_RECURSION = YES;
				CLANG_WARN_INT_CONVERSION = YES;
				CLANG_WARN_NON_LITERAL_NULL_CONVERSION = YES;
				CLANG_WARN_OBJC_IMPLICIT_RETAIN_SELF = YES;
				CLANG_WARN_OBJC_LITERAL_CONVERSION = YES;
				CLANG_WARN_OBJC_ROOT_CLASS = YES_ERROR;
				CLANG_WARN_QUOTED_INCLUDE_IN_FRAMEWORK_HEADER = YES;
				CLANG_WARN_RANGE_LOOP_ANALYSIS = YES;
				CLANG_WARN_STRICT_PROTOTYPES = YES;
				CLANG_WARN_SUSPICIOUS_MOVE = YES;
				CLANG_WARN_UNGUARDED_AVAILABILITY = YES_AGGRESSIVE;
				CLANG_WARN_UNREACHABLE_CODE = YES;
				CLANG_WARN__DUPLICATE_METHOD_MATCH = YES;
				COPY_PHASE_STRIP = NO;
				DEAD_CODE_STRIPPING = YES;
				DEBUG_INFORMATION_FORMAT = "dwarf-with-dsym";
				ENABLE_NS_ASSERTIONS = NO;
				ENABLE_STRICT_OBJC_MSGSEND = YES;
				GCC_C_LANGUAGE_STANDARD = gnu11;
				GCC_NO_COMMON_BLOCKS = YES;
				GCC_WARN_64_TO_32_BIT_CONVERSION = YES;
				GCC_WARN_ABOUT_RETURN_TYPE = YES_ERROR;
				GCC_WARN_UNDECLARED_SELECTOR = YES;
				GCC_WARN_UNINITIALIZED_AUTOS = YES_AGGRESSIVE;
				GCC_WARN_UNUSED_FUNCTION = YES;
				GCC_WARN_UNUSED_VARIABLE = YES;
				MACOSX_DEPLOYMENT_TARGET = 12.3;
				MTL_ENABLE_DEBUG_INFO = NO;
				MTL_FAST_MATH = YES;
				SDKROOT = macosx;
				SWIFT_COMPILATION_MODE = wholemodule;
				SWIFT_OPTIMIZATION_LEVEL = "-O";
			};
			name = Release;
		};
		B51FDFE028214EC000ED0429 /* Debug */ = {
			isa = XCBuildConfiguration;
			buildSettings = {
				CLANG_ENABLE_MODULES = YES;
				CODE_SIGN_IDENTITY = "-";
				CODE_SIGN_STYLE = Automatic;
				DEAD_CODE_STRIPPING = YES;
				DEVELOPMENT_TEAM = AXN37CP9B9;
				ENABLE_HARDENED_RUNTIME = YES;
				LD_RUNPATH_SEARCH_PATHS = (
					"$(inherited)",
					"@executable_path/../Frameworks",
					"@loader_path/../Frameworks",
				);
				PRODUCT_NAME = "$(TARGET_NAME)";
				SWIFT_OBJC_BRIDGING_HEADER = "";
				SWIFT_OPTIMIZATION_LEVEL = "-Onone";
				SWIFT_VERSION = 5.0;
			};
			name = Debug;
		};
		B51FDFE128214EC000ED0429 /* Release */ = {
			isa = XCBuildConfiguration;
			buildSettings = {
				CLANG_ENABLE_MODULES = YES;
				CODE_SIGN_IDENTITY = "-";
				CODE_SIGN_STYLE = Automatic;
				DEAD_CODE_STRIPPING = YES;
				DEVELOPMENT_TEAM = AXN37CP9B9;
				ENABLE_HARDENED_RUNTIME = YES;
				LD_RUNPATH_SEARCH_PATHS = (
					"$(inherited)",
					"@executable_path/../Frameworks",
					"@loader_path/../Frameworks",
				);
				PRODUCT_NAME = "$(TARGET_NAME)";
				SWIFT_OBJC_BRIDGING_HEADER = "";
				SWIFT_VERSION = 5.0;
			};
			name = Release;
		};
/* End XCBuildConfiguration section */

/* Begin XCConfigurationList section */
		B51FDFD328214EC000ED0429 /* Build configuration list for PBXProject "algo" */ = {
			isa = XCConfigurationList;
			buildConfigurations = (
				B51FDFDD28214EC000ED0429 /* Debug */,
				B51FDFDE28214EC000ED0429 /* Release */,
			);
			defaultConfigurationIsVisible = 0;
			defaultConfigurationName = Release;
		};
		B51FDFDF28214EC000ED0429 /* Build configuration list for PBXNativeTarget "algo" */ = {
			isa = XCConfigurationList;
			buildConfigurations = (
				B51FDFE028214EC000ED0429 /* Debug */,
				B51FDFE128214EC000ED0429 /* Release */,
			);
			defaultConfigurationIsVisible = 0;
			defaultConfigurationName = Release;
		};
/* End XCConfigurationList section */
	};
	rootObject = B51FDFD028214EC000ED0429 /* Project object */;
}
